// !$*UTF8*$!
{
	archiveVersion = 1;
	classes = {
	};
	objectVersion = 55;
	objects = {

/* Begin PBXBuildFile section */
		7C414583284B5E03006B5BD8 /* HexagonParameters.swift in Sources */ = {isa = PBXBuildFile; fileRef = 7C414582284B5E03006B5BD8 /* HexagonParameters.swift */; };
		7C414585284B5E4C006B5BD8 /* BadgeBackground.swift in Sources */ = {isa = PBXBuildFile; fileRef = 7C414584284B5E4C006B5BD8 /* BadgeBackground.swift */; };
		7C414587284B5F40006B5BD8 /* BadgeSymbol.swift in Sources */ = {isa = PBXBuildFile; fileRef = 7C414586284B5F40006B5BD8 /* BadgeSymbol.swift */; };
		7C414589284B5F60006B5BD8 /* RotatedBadgeSymbol.swift in Sources */ = {isa = PBXBuildFile; fileRef = 7C414588284B5F60006B5BD8 /* RotatedBadgeSymbol.swift */; };
		7C79EA192848B964006CB0E2 /* FavoriteButton.swift in Sources */ = {isa = PBXBuildFile; fileRef = 7C79EA182848B964006CB0E2 /* FavoriteButton.swift */; };
		7CA76FF02844CDDF00B1AC96 /* LandmarksApp.swift in Sources */ = {isa = PBXBuildFile; fileRef = 7CA76FEF2844CDDF00B1AC96 /* LandmarksApp.swift */; };
		7CA76FF22844CDDF00B1AC96 /* ContentView.swift in Sources */ = {isa = PBXBuildFile; fileRef = 7CA76FF12844CDDF00B1AC96 /* ContentView.swift */; };
		7CA76FF42844CDE100B1AC96 /* Assets.xcassets in Resources */ = {isa = PBXBuildFile; fileRef = 7CA76FF32844CDE100B1AC96 /* Assets.xcassets */; };
		7CA76FF72844CDE100B1AC96 /* Preview Assets.xcassets in Resources */ = {isa = PBXBuildFile; fileRef = 7CA76FF62844CDE100B1AC96 /* Preview Assets.xcassets */; };
		7CA76FFE2844D3AD00B1AC96 /* CircleImage.swift in Sources */ = {isa = PBXBuildFile; fileRef = 7CA76FFD2844D3AD00B1AC96 /* CircleImage.swift */; };
		7CA770002844D3F200B1AC96 /* MapView.swift in Sources */ = {isa = PBXBuildFile; fileRef = 7CA76FFF2844D3F200B1AC96 /* MapView.swift */; };
		7CA770032844D7D500B1AC96 /* landmarkData.json in Resources */ = {isa = PBXBuildFile; fileRef = 7CA770022844D7D500B1AC96 /* landmarkData.json */; };
		7CA770052844D7E700B1AC96 /* Landmark.swift in Sources */ = {isa = PBXBuildFile; fileRef = 7CA770042844D7E700B1AC96 /* Landmark.swift */; };
		7CA770072844D8DA00B1AC96 /* ModelData.swift in Sources */ = {isa = PBXBuildFile; fileRef = 7CA770062844D8DA00B1AC96 /* ModelData.swift */; };
		7CA7700B2844DAB200B1AC96 /* LandmarkRow.swift in Sources */ = {isa = PBXBuildFile; fileRef = 7CA7700A2844DAB200B1AC96 /* LandmarkRow.swift */; };
		7CA7700D2844DCB000B1AC96 /* LandmarkList.swift in Sources */ = {isa = PBXBuildFile; fileRef = 7CA7700C2844DCB000B1AC96 /* LandmarkList.swift */; };
		7CA7700F2845C38600B1AC96 /* LandmarkDetail.swift in Sources */ = {isa = PBXBuildFile; fileRef = 7CA7700E2845C38500B1AC96 /* LandmarkDetail.swift */; };
/* End PBXBuildFile section */

/* Begin PBXFileReference section */
		7C414582284B5E03006B5BD8 /* HexagonParameters.swift */ = {isa = PBXFileReference; lastKnownFileType = sourcecode.swift; path = HexagonParameters.swift; sourceTree = "<group>"; };
		7C414584284B5E4C006B5BD8 /* BadgeBackground.swift */ = {isa = PBXFileReference; lastKnownFileType = sourcecode.swift; path = BadgeBackground.swift; sourceTree = "<group>"; };
		7C414586284B5F40006B5BD8 /* BadgeSymbol.swift */ = {isa = PBXFileReference; lastKnownFileType = sourcecode.swift; path = BadgeSymbol.swift; sourceTree = "<group>"; };
		7C414588284B5F60006B5BD8 /* RotatedBadgeSymbol.swift */ = {isa = PBXFileReference; lastKnownFileType = sourcecode.swift; path = RotatedBadgeSymbol.swift; sourceTree = "<group>"; };
		7C79EA182848B964006CB0E2 /* FavoriteButton.swift */ = {isa = PBXFileReference; lastKnownFileType = sourcecode.swift; path = FavoriteButton.swift; sourceTree = "<group>"; };
		7CA76FEC2844CDDF00B1AC96 /* Landmarks.app */ = {isa = PBXFileReference; explicitFileType = wrapper.application; includeInIndex = 0; path = Landmarks.app; sourceTree = BUILT_PRODUCTS_DIR; };
		7CA76FEF2844CDDF00B1AC96 /* LandmarksApp.swift */ = {isa = PBXFileReference; lastKnownFileType = sourcecode.swift; path = LandmarksApp.swift; sourceTree = "<group>"; };
		7CA76FF12844CDDF00B1AC96 /* ContentView.swift */ = {isa = PBXFileReference; lastKnownFileType = sourcecode.swift; path = ContentView.swift; sourceTree = "<group>"; };
		7CA76FF32844CDE100B1AC96 /* Assets.xcassets */ = {isa = PBXFileReference; lastKnownFileType = folder.assetcatalog; path = Assets.xcassets; sourceTree = "<group>"; };
		7CA76FF62844CDE100B1AC96 /* Preview Assets.xcassets */ = {isa = PBXFileReference; lastKnownFileType = folder.assetcatalog; path = "Preview Assets.xcassets"; sourceTree = "<group>"; };
		7CA76FFD2844D3AD00B1AC96 /* CircleImage.swift */ = {isa = PBXFileReference; lastKnownFileType = sourcecode.swift; path = CircleImage.swift; sourceTree = "<group>"; };
		7CA76FFF2844D3F200B1AC96 /* MapView.swift */ = {isa = PBXFileReference; lastKnownFileType = sourcecode.swift; path = MapView.swift; sourceTree = "<group>"; };
		7CA770022844D7D500B1AC96 /* landmarkData.json */ = {isa = PBXFileReference; fileEncoding = 4; lastKnownFileType = text.json; path = landmarkData.json; sourceTree = "<group>"; };
		7CA770042844D7E700B1AC96 /* Landmark.swift */ = {isa = PBXFileReference; lastKnownFileType = sourcecode.swift; path = Landmark.swift; sourceTree = "<group>"; };
		7CA770062844D8DA00B1AC96 /* ModelData.swift */ = {isa = PBXFileReference; lastKnownFileType = sourcecode.swift; path = ModelData.swift; sourceTree = "<group>"; };
		7CA7700A2844DAB200B1AC96 /* LandmarkRow.swift */ = {isa = PBXFileReference; lastKnownFileType = sourcecode.swift; path = LandmarkRow.swift; sourceTree = "<group>"; };
		7CA7700C2844DCB000B1AC96 /* LandmarkList.swift */ = {isa = PBXFileReference; lastKnownFileType = sourcecode.swift; path = LandmarkList.swift; sourceTree = "<group>"; };
		7CA7700E2845C38500B1AC96 /* LandmarkDetail.swift */ = {isa = PBXFileReference; lastKnownFileType = sourcecode.swift; path = LandmarkDetail.swift; sourceTree = "<group>"; };
/* End PBXFileReference section */

/* Begin PBXFrameworksBuildPhase section */
		7CA76FE92844CDDF00B1AC96 /* Frameworks */ = {
			isa = PBXFrameworksBuildPhase;
			buildActionMask = 2147483647;
			files = (
			);
			runOnlyForDeploymentPostprocessing = 0;
		};
/* End PBXFrameworksBuildPhase section */

/* Begin PBXGroup section */
		7C79EA1A2848B985006CB0E2 /* Helpers */ = {
			isa = PBXGroup;
			children = (
				7CA76FFD2844D3AD00B1AC96 /* CircleImage.swift */,
				7CA76FFF2844D3F200B1AC96 /* MapView.swift */,
				7C79EA182848B964006CB0E2 /* FavoriteButton.swift */,
			);
			path = Helpers;
			sourceTree = "<group>";
		};
		7C79EA1B2848B99B006CB0E2 /* Landmarks */ = {
			isa = PBXGroup;
			children = (
				7CA7700C2844DCB000B1AC96 /* LandmarkList.swift */,
				7CA7700A2844DAB200B1AC96 /* LandmarkRow.swift */,
				7CA7700E2845C38500B1AC96 /* LandmarkDetail.swift */,
			);
			path = Landmarks;
			sourceTree = "<group>";
		};
		7CA76FE32844CDDF00B1AC96 = {
			isa = PBXGroup;
			children = (
				7CA76FEE2844CDDF00B1AC96 /* Landmarks */,
				7CA76FED2844CDDF00B1AC96 /* Products */,
			);
			sourceTree = "<group>";
		};
		7CA76FED2844CDDF00B1AC96 /* Products */ = {
			isa = PBXGroup;
			children = (
				7CA76FEC2844CDDF00B1AC96 /* Landmarks.app */,
			);
			name = Products;
			sourceTree = "<group>";
		};
		7CA76FEE2844CDDF00B1AC96 /* Landmarks */ = {
			isa = PBXGroup;
			children = (
				7CA76FEF2844CDDF00B1AC96 /* LandmarksApp.swift */,
				7CA770082844D90700B1AC96 /* Views */,
				7CA770092844D91200B1AC96 /* Model */,
				7CA770012844D7D500B1AC96 /* Resources */,
				7CA76FF32844CDE100B1AC96 /* Assets.xcassets */,
				7CA76FF52844CDE100B1AC96 /* Preview Content */,
			);
			path = Landmarks;
			sourceTree = "<group>";
		};
		7CA76FF52844CDE100B1AC96 /* Preview Content */ = {
			isa = PBXGroup;
			children = (
				7CA76FF62844CDE100B1AC96 /* Preview Assets.xcassets */,
			);
			path = "Preview Content";
			sourceTree = "<group>";
		};
		7CA770012844D7D500B1AC96 /* Resources */ = {
			isa = PBXGroup;
			children = (
				7CA770022844D7D500B1AC96 /* landmarkData.json */,
			);
			path = Resources;
			sourceTree = "<group>";
		};
		7CA770082844D90700B1AC96 /* Views */ = {
			isa = PBXGroup;
			children = (
				7CA76FF12844CDDF00B1AC96 /* ContentView.swift */,
				7C79EA1B2848B99B006CB0E2 /* Landmarks */,
				7C79EA1A2848B985006CB0E2 /* Helpers */,
				7C414582284B5E03006B5BD8 /* HexagonParameters.swift */,
				7C414584284B5E4C006B5BD8 /* BadgeBackground.swift */,
				7C414586284B5F40006B5BD8 /* BadgeSymbol.swift */,
				7C414588284B5F60006B5BD8 /* RotatedBadgeSymbol.swift */,
			);
			path = Views;
			sourceTree = "<group>";
		};
		7CA770092844D91200B1AC96 /* Model */ = {
			isa = PBXGroup;
			children = (
				7CA770062844D8DA00B1AC96 /* ModelData.swift */,
				7CA770042844D7E700B1AC96 /* Landmark.swift */,
			);
			path = Model;
			sourceTree = "<group>";
		};
/* End PBXGroup section */

/* Begin PBXNativeTarget section */
		7CA76FEB2844CDDF00B1AC96 /* Landmarks */ = {
			isa = PBXNativeTarget;
			buildConfigurationList = 7CA76FFA2844CDE100B1AC96 /* Build configuration list for PBXNativeTarget "Landmarks" */;
			buildPhases = (
				7CA76FE82844CDDF00B1AC96 /* Sources */,
				7CA76FE92844CDDF00B1AC96 /* Frameworks */,
				7CA76FEA2844CDDF00B1AC96 /* Resources */,
			);
			buildRules = (
			);
			dependencies = (
			);
			name = Landmarks;
			productName = Landmarks;
			productReference = 7CA76FEC2844CDDF00B1AC96 /* Landmarks.app */;
			productType = "com.apple.product-type.application";
		};
/* End PBXNativeTarget section */

/* Begin PBXProject section */
		7CA76FE42844CDDF00B1AC96 /* Project object */ = {
			isa = PBXProject;
			attributes = {
				BuildIndependentTargetsInParallel = 1;
				LastSwiftUpdateCheck = 1340;
				LastUpgradeCheck = 1340;
				TargetAttributes = {
					7CA76FEB2844CDDF00B1AC96 = {
						CreatedOnToolsVersion = 13.4;
					};
				};
			};
			buildConfigurationList = 7CA76FE72844CDDF00B1AC96 /* Build configuration list for PBXProject "Landmarks" */;
			compatibilityVersion = "Xcode 13.0";
			developmentRegion = en;
			hasScannedForEncodings = 0;
			knownRegions = (
				en,
				Base,
			);
			mainGroup = 7CA76FE32844CDDF00B1AC96;
			productRefGroup = 7CA76FED2844CDDF00B1AC96 /* Products */;
			projectDirPath = "";
			projectRoot = "";
			targets = (
				7CA76FEB2844CDDF00B1AC96 /* Landmarks */,
			);
		};
/* End PBXProject section */

/* Begin PBXResourcesBuildPhase section */
		7CA76FEA2844CDDF00B1AC96 /* Resources */ = {
			isa = PBXResourcesBuildPhase;
			buildActionMask = 2147483647;
			files = (
				7CA76FF72844CDE100B1AC96 /* Preview Assets.xcassets in Resources */,
				7CA76FF42844CDE100B1AC96 /* Assets.xcassets in Resources */,
				7CA770032844D7D500B1AC96 /* landmarkData.json in Resources */,
			);
			runOnlyForDeploymentPostprocessing = 0;
		};
/* End PBXResourcesBuildPhase section */

/* Begin PBXSourcesBuildPhase section */
		7CA76FE82844CDDF00B1AC96 /* Sources */ = {
			isa = PBXSourcesBuildPhase;
			buildActionMask = 2147483647;
			files = (
				7CA76FF22844CDDF00B1AC96 /* ContentView.swift in Sources */,
				7CA770002844D3F200B1AC96 /* MapView.swift in Sources */,
				7CA76FF02844CDDF00B1AC96 /* LandmarksApp.swift in Sources */,
				7C79EA192848B964006CB0E2 /* FavoriteButton.swift in Sources */,
				7C414583284B5E03006B5BD8 /* HexagonParameters.swift in Sources */,
				7C414589284B5F60006B5BD8 /* RotatedBadgeSymbol.swift in Sources */,
				7C414587284B5F40006B5BD8 /* BadgeSymbol.swift in Sources */,
				7CA7700D2844DCB000B1AC96 /* LandmarkList.swift in Sources */,
				7CA7700F2845C38600B1AC96 /* LandmarkDetail.swift in Sources */,
				7C414585284B5E4C006B5BD8 /* BadgeBackground.swift in Sources */,
				7CA76FFE2844D3AD00B1AC96 /* CircleImage.swift in Sources */,
				7CA770052844D7E700B1AC96 /* Landmark.swift in Sources */,
				7CA7700B2844DAB200B1AC96 /* LandmarkRow.swift in Sources */,
				7CA770072844D8DA00B1AC96 /* ModelData.swift in Sources */,
			);
			runOnlyForDeploymentPostprocessing = 0;
		};
/* End PBXSourcesBuildPhase section */

/* Begin XCBuildConfiguration section */
		7CA76FF82844CDE100B1AC96 /* Debug */ = {
			isa = XCBuildConfiguration;
			buildSettings = {
				ALWAYS_SEARCH_USER_PATHS = NO;
				CLANG_ANALYZER_NONNULL = YES;
				CLANG_ANALYZER_NUMBER_OBJECT_CONVERSION = YES_AGGRESSIVE;
				CLANG_CXX_LANGUAGE_STANDARD = "gnu++17";
				CLANG_ENABLE_MODULES = YES;
				CLANG_ENABLE_OBJC_ARC = YES;
				CLANG_ENABLE_OBJC_WEAK = YES;
				CLANG_WARN_BLOCK_CAPTURE_AUTORELEASING = YES;
				CLANG_WARN_BOOL_CONVERSION = YES;
				CLANG_WARN_COMMA = YES;
				CLANG_WARN_CONSTANT_CONVERSION = YES;
				CLANG_WARN_DEPRECATED_OBJC_IMPLEMENTATIONS = YES;
				CLANG_WARN_DIRECT_OBJC_ISA_USAGE = YES_ERROR;
				CLANG_WARN_DOCUMENTATION_COMMENTS = YES;
				CLANG_WARN_EMPTY_BODY = YES;
				CLANG_WARN_ENUM_CONVERSION = YES;
				CLANG_WARN_INFINITE_RECURSION = YES;
				CLANG_WARN_INT_CONVERSION = YES;
				CLANG_WARN_NON_LITERAL_NULL_CONVERSION = YES;
				CLANG_WARN_OBJC_IMPLICIT_RETAIN_SELF = YES;
				CLANG_WARN_OBJC_LITERAL_CONVERSION = YES;
				CLANG_WARN_OBJC_ROOT_CLASS = YES_ERROR;
				CLANG_WARN_QUOTED_INCLUDE_IN_FRAMEWORK_HEADER = YES;
				CLANG_WARN_RANGE_LOOP_ANALYSIS = YES;
				CLANG_WARN_STRICT_PROTOTYPES = YES;
				CLANG_WARN_SUSPICIOUS_MOVE = YES;
				CLANG_WARN_UNGUARDED_AVAILABILITY = YES_AGGRESSIVE;
				CLANG_WARN_UNREACHABLE_CODE = YES;
				CLANG_WARN__DUPLICATE_METHOD_MATCH = YES;
				COPY_PHASE_STRIP = NO;
				DEBUG_INFORMATION_FORMAT = dwarf;
				ENABLE_STRICT_OBJC_MSGSEND = YES;
				ENABLE_TESTABILITY = YES;
				GCC_C_LANGUAGE_STANDARD = gnu11;
				GCC_DYNAMIC_NO_PIC = NO;
				GCC_NO_COMMON_BLOCKS = YES;
				GCC_OPTIMIZATION_LEVEL = 0;
				GCC_PREPROCESSOR_DEFINITIONS = (
					"DEBUG=1",
					"$(inherited)",
				);
				GCC_WARN_64_TO_32_BIT_CONVERSION = YES;
				GCC_WARN_ABOUT_RETURN_TYPE = YES_ERROR;
				GCC_WARN_UNDECLARED_SELECTOR = YES;
				GCC_WARN_UNINITIALIZED_AUTOS = YES_AGGRESSIVE;
				GCC_WARN_UNUSED_FUNCTION = YES;
				GCC_WARN_UNUSED_VARIABLE = YES;
				IPHONEOS_DEPLOYMENT_TARGET = 15.5;
				MTL_ENABLE_DEBUG_INFO = INCLUDE_SOURCE;
				MTL_FAST_MATH = YES;
				ONLY_ACTIVE_ARCH = YES;
				SDKROOT = iphoneos;
				SWIFT_ACTIVE_COMPILATION_CONDITIONS = DEBUG;
				SWIFT_OPTIMIZATION_LEVEL = "-Onone";
			};
			name = Debug;
		};
		7CA76FF92844CDE100B1AC96 /* Release */ = {
			isa = XCBuildConfiguration;
			buildSettings = {
				ALWAYS_SEARCH_USER_PATHS = NO;
				CLANG_ANALYZER_NONNULL = YES;
				CLANG_ANALYZER_NUMBER_OBJECT_CONVERSION = YES_AGGRESSIVE;
				CLANG_CXX_LANGUAGE_STANDARD = "gnu++17";
				CLANG_ENABLE_MODULES = YES;
				CLANG_ENABLE_OBJC_ARC = YES;
				CLANG_ENABLE_OBJC_WEAK = YES;
				CLANG_WARN_BLOCK_CAPTURE_AUTORELEASING = YES;
				CLANG_WARN_BOOL_CONVERSION = YES;
				CLANG_WARN_COMMA = YES;
				CLANG_WARN_CONSTANT_CONVERSION = YES;
				CLANG_WARN_DEPRECATED_OBJC_IMPLEMENTATIONS = YES;
				CLANG_WARN_DIRECT_OBJC_ISA_USAGE = YES_ERROR;
				CLANG_WARN_DOCUMENTATION_COMMENTS = YES;
				CLANG_WARN_EMPTY_BODY = YES;
				CLANG_WARN_ENUM_CONVERSION = YES;
				CLANG_WARN_INFINITE_RECURSION = YES;
				CLANG_WARN_INT_CONVERSION = YES;
				CLANG_WARN_NON_LITERAL_NULL_CONVERSION = YES;
				CLANG_WARN_OBJC_IMPLICIT_RETAIN_SELF = YES;
				CLANG_WARN_OBJC_LITERAL_CONVERSION = YES;
				CLANG_WARN_OBJC_ROOT_CLASS = YES_ERROR;
				CLANG_WARN_QUOTED_INCLUDE_IN_FRAMEWORK_HEADER = YES;
				CLANG_WARN_RANGE_LOOP_ANALYSIS = YES;
				CLANG_WARN_STRICT_PROTOTYPES = YES;
				CLANG_WARN_SUSPICIOUS_MOVE = YES;
				CLANG_WARN_UNGUARDED_AVAILABILITY = YES_AGGRESSIVE;
				CLANG_WARN_UNREACHABLE_CODE = YES;
				CLANG_WARN__DUPLICATE_METHOD_MATCH = YES;
				COPY_PHASE_STRIP = NO;
				DEBUG_INFORMATION_FORMAT = "dwarf-with-dsym";
				ENABLE_NS_ASSERTIONS = NO;
				ENABLE_STRICT_OBJC_MSGSEND = YES;
				GCC_C_LANGUAGE_STANDARD = gnu11;
				GCC_NO_COMMON_BLOCKS = YES;
				GCC_WARN_64_TO_32_BIT_CONVERSION = YES;
				GCC_WARN_ABOUT_RETURN_TYPE = YES_ERROR;
				GCC_WARN_UNDECLARED_SELECTOR = YES;
				GCC_WARN_UNINITIALIZED_AUTOS = YES_AGGRESSIVE;
				GCC_WARN_UNUSED_FUNCTION = YES;
				GCC_WARN_UNUSED_VARIABLE = YES;
				IPHONEOS_DEPLOYMENT_TARGET = 15.5;
				MTL_ENABLE_DEBUG_INFO = NO;
				MTL_FAST_MATH = YES;
				SDKROOT = iphoneos;
				SWIFT_COMPILATION_MODE = wholemodule;
				SWIFT_OPTIMIZATION_LEVEL = "-O";
				VALIDATE_PRODUCT = YES;
			};
			name = Release;
		};
		7CA76FFB2844CDE100B1AC96 /* Debug */ = {
			isa = XCBuildConfiguration;
			buildSettings = {
				ASSETCATALOG_COMPILER_APPICON_NAME = AppIcon;
				ASSETCATALOG_COMPILER_GLOBAL_ACCENT_COLOR_NAME = AccentColor;
				CODE_SIGN_STYLE = Automatic;
				CURRENT_PROJECT_VERSION = 1;
				DEVELOPMENT_ASSET_PATHS = "\"Landmarks/Preview Content\"";
				DEVELOPMENT_TEAM = 2GPC52S3LY;
				ENABLE_PREVIEWS = YES;
				GENERATE_INFOPLIST_FILE = YES;
				INFOPLIST_KEY_UIApplicationSceneManifest_Generation = YES;
				INFOPLIST_KEY_UIApplicationSupportsIndirectInputEvents = YES;
				INFOPLIST_KEY_UILaunchScreen_Generation = YES;
				INFOPLIST_KEY_UISupportedInterfaceOrientations_iPad = "UIInterfaceOrientationPortrait UIInterfaceOrientationPortraitUpsideDown UIInterfaceOrientationLandscapeLeft UIInterfaceOrientationLandscapeRight";
				INFOPLIST_KEY_UISupportedInterfaceOrientations_iPhone = "UIInterfaceOrientationPortrait UIInterfaceOrientationLandscapeLeft UIInterfaceOrientationLandscapeRight";
				LD_RUNPATH_SEARCH_PATHS = (
					"$(inherited)",
					"@executable_path/Frameworks",
				);
				MARKETING_VERSION = 1.0;
				PRODUCT_BUNDLE_IDENTIFIER = dev.mazzaos.Landmarks;
				PRODUCT_NAME = "$(TARGET_NAME)";
				SWIFT_EMIT_LOC_STRINGS = YES;
				SWIFT_VERSION = 5.0;
				TARGETED_DEVICE_FAMILY = "1,2";
			};
			name = Debug;
		};
		7CA76FFC2844CDE100B1AC96 /* Release */ = {
			isa = XCBuildConfiguration;
			buildSettings = {
				ASSETCATALOG_COMPILER_APPICON_NAME = AppIcon;
				ASSETCATALOG_COMPILER_GLOBAL_ACCENT_COLOR_NAME = AccentColor;
				CODE_SIGN_STYLE = Automatic;
				CURRENT_PROJECT_VERSION = 1;
				DEVELOPMENT_ASSET_PATHS = "\"Landmarks/Preview Content\"";
				DEVELOPMENT_TEAM = 2GPC52S3LY;
				ENABLE_PREVIEWS = YES;
				GENERATE_INFOPLIST_FILE = YES;
				INFOPLIST_KEY_UIApplicationSceneManifest_Generation = YES;
				INFOPLIST_KEY_UIApplicationSupportsIndirectInputEvents = YES;
				INFOPLIST_KEY_UILaunchScreen_Generation = YES;
				INFOPLIST_KEY_UISupportedInterfaceOrientations_iPad = "UIInterfaceOrientationPortrait UIInterfaceOrientationPortraitUpsideDown UIInterfaceOrientationLandscapeLeft UIInterfaceOrientationLandscapeRight";
				INFOPLIST_KEY_UISupportedInterfaceOrientations_iPhone = "UIInterfaceOrientationPortrait UIInterfaceOrientationLandscapeLeft UIInterfaceOrientationLandscapeRight";
				LD_RUNPATH_SEARCH_PATHS = (
					"$(inherited)",
					"@executable_path/Frameworks",
				);
				MARKETING_VERSION = 1.0;
				PRODUCT_BUNDLE_IDENTIFIER = dev.mazzaos.Landmarks;
				PRODUCT_NAME = "$(TARGET_NAME)";
				SWIFT_EMIT_LOC_STRINGS = YES;
				SWIFT_VERSION = 5.0;
				TARGETED_DEVICE_FAMILY = "1,2";
			};
			name = Release;
		};
/* End XCBuildConfiguration section */

/* Begin XCConfigurationList section */
		7CA76FE72844CDDF00B1AC96 /* Build configuration list for PBXProject "Landmarks" */ = {
			isa = XCConfigurationList;
			buildConfigurations = (
				7CA76FF82844CDE100B1AC96 /* Debug */,
				7CA76FF92844CDE100B1AC96 /* Release */,
			);
			defaultConfigurationIsVisible = 0;
			defaultConfigurationName = Release;
		};
		7CA76FFA2844CDE100B1AC96 /* Build configuration list for PBXNativeTarget "Landmarks" */ = {
			isa = XCConfigurationList;
			buildConfigurations = (
				7CA76FFB2844CDE100B1AC96 /* Debug */,
				7CA76FFC2844CDE100B1AC96 /* Release */,
			);
			defaultConfigurationIsVisible = 0;
			defaultConfigurationName = Release;
		};
/* End XCConfigurationList section */
	};
	rootObject = 7CA76FE42844CDDF00B1AC96 /* Project object */;
}
