// !$*UTF8*$!
{
	archiveVersion = 1;
	classes = {
	};
	objectVersion = 55;
	objects = {

/* Begin PBXBuildFile section */
		7C334F0F28516671007D1CEE /* ContentView.swift in Sources */ = {isa = PBXBuildFile; fileRef = 7C334F0E28516671007D1CEE /* ContentView.swift */; };
		7C334F1128516674007D1CEE /* Assets.xcassets in Resources */ = {isa = PBXBuildFile; fileRef = 7C334F1028516674007D1CEE /* Assets.xcassets */; };
		7C334F1428516674007D1CEE /* Preview Assets.xcassets in Resources */ = {isa = PBXBuildFile; fileRef = 7C334F1328516674007D1CEE /* Preview Assets.xcassets */; };
		7C334F1928516736007D1CEE /* landmarkData.json in Resources */ = {isa = PBXBuildFile; fileRef = 7CA770022844D7D500B1AC96 /* landmarkData.json */; };
		7C334F1A28516736007D1CEE /* LandmarksApp.swift in Sources */ = {isa = PBXBuildFile; fileRef = 7CA76FEF2844CDDF00B1AC96 /* LandmarksApp.swift */; };
		7C334F1B28516736007D1CEE /* ModelData.swift in Sources */ = {isa = PBXBuildFile; fileRef = 7CA770062844D8DA00B1AC96 /* ModelData.swift */; };
		7C334F1C28516736007D1CEE /* LandmarkList.swift in Sources */ = {isa = PBXBuildFile; fileRef = 7CA7700C2844DCB000B1AC96 /* LandmarkList.swift */; };
		7C334F1D28516736007D1CEE /* Landmark.swift in Sources */ = {isa = PBXBuildFile; fileRef = 7CA770042844D7E700B1AC96 /* Landmark.swift */; };
		7C334F1E28516736007D1CEE /* hikeData.json in Resources */ = {isa = PBXBuildFile; fileRef = 7C41458D284B6D1E006B5BD8 /* hikeData.json */; };
		7C334F1F28516736007D1CEE /* CircleImage.swift in Sources */ = {isa = PBXBuildFile; fileRef = 7CA76FFD2844D3AD00B1AC96 /* CircleImage.swift */; };
		7C334F2028516736007D1CEE /* LandmarkRow.swift in Sources */ = {isa = PBXBuildFile; fileRef = 7CA7700A2844DAB200B1AC96 /* LandmarkRow.swift */; };
		7C334F2128516736007D1CEE /* FavoriteButton.swift in Sources */ = {isa = PBXBuildFile; fileRef = 7C79EA182848B964006CB0E2 /* FavoriteButton.swift */; };
		7C334F2228516736007D1CEE /* Profile.swift in Sources */ = {isa = PBXBuildFile; fileRef = 7C4145A1284D09B9006B5BD8 /* Profile.swift */; };
		7C334F2328516736007D1CEE /* MapView.swift in Sources */ = {isa = PBXBuildFile; fileRef = 7CA76FFF2844D3F200B1AC96 /* MapView.swift */; };
		7C334F2428516736007D1CEE /* Hike.swift in Sources */ = {isa = PBXBuildFile; fileRef = 7C41458F284B6D36006B5BD8 /* Hike.swift */; };
		7C334F262851682C007D1CEE /* LandmarkDetail.swift in Sources */ = {isa = PBXBuildFile; fileRef = 7C334F252851682C007D1CEE /* LandmarkDetail.swift */; };
		7C334F27285168BC007D1CEE /* Assets.xcassets in Resources */ = {isa = PBXBuildFile; fileRef = 7CA76FF32844CDE100B1AC96 /* Assets.xcassets */; };
		7C414583284B5E03006B5BD8 /* HexagonParameters.swift in Sources */ = {isa = PBXBuildFile; fileRef = 7C414582284B5E03006B5BD8 /* HexagonParameters.swift */; };
		7C414585284B5E4C006B5BD8 /* BadgeBackground.swift in Sources */ = {isa = PBXBuildFile; fileRef = 7C414584284B5E4C006B5BD8 /* BadgeBackground.swift */; };
		7C414587284B5F40006B5BD8 /* BadgeSymbol.swift in Sources */ = {isa = PBXBuildFile; fileRef = 7C414586284B5F40006B5BD8 /* BadgeSymbol.swift */; };
		7C414589284B5F60006B5BD8 /* RotatedBadgeSymbol.swift in Sources */ = {isa = PBXBuildFile; fileRef = 7C414588284B5F60006B5BD8 /* RotatedBadgeSymbol.swift */; };
		7C41458B284B6420006B5BD8 /* Badge.swift in Sources */ = {isa = PBXBuildFile; fileRef = 7C41458A284B6420006B5BD8 /* Badge.swift */; };
		7C41458E284B6D1E006B5BD8 /* hikeData.json in Resources */ = {isa = PBXBuildFile; fileRef = 7C41458D284B6D1E006B5BD8 /* hikeData.json */; };
		7C414590284B6D36006B5BD8 /* Hike.swift in Sources */ = {isa = PBXBuildFile; fileRef = 7C41458F284B6D36006B5BD8 /* Hike.swift */; };
		7C414596284B6D6A006B5BD8 /* GraphCapsule.swift in Sources */ = {isa = PBXBuildFile; fileRef = 7C414592284B6D6A006B5BD8 /* GraphCapsule.swift */; };
		7C414597284B6D6A006B5BD8 /* HikeGraph.swift in Sources */ = {isa = PBXBuildFile; fileRef = 7C414593284B6D6A006B5BD8 /* HikeGraph.swift */; };
		7C414598284B6D6A006B5BD8 /* HikeDetail.swift in Sources */ = {isa = PBXBuildFile; fileRef = 7C414594284B6D6A006B5BD8 /* HikeDetail.swift */; };
		7C414599284B6D6A006B5BD8 /* HikeView.swift in Sources */ = {isa = PBXBuildFile; fileRef = 7C414595284B6D6A006B5BD8 /* HikeView.swift */; };
		7C41459C284D03AA006B5BD8 /* CategoryHome.swift in Sources */ = {isa = PBXBuildFile; fileRef = 7C41459B284D03AA006B5BD8 /* CategoryHome.swift */; };
		7C41459E284D04AA006B5BD8 /* CategoryRow.swift in Sources */ = {isa = PBXBuildFile; fileRef = 7C41459D284D04AA006B5BD8 /* CategoryRow.swift */; };
		7C4145A0284D04CA006B5BD8 /* CategoryItem.swift in Sources */ = {isa = PBXBuildFile; fileRef = 7C41459F284D04CA006B5BD8 /* CategoryItem.swift */; };
		7C4145A2284D09B9006B5BD8 /* Profile.swift in Sources */ = {isa = PBXBuildFile; fileRef = 7C4145A1284D09B9006B5BD8 /* Profile.swift */; };
		7C4145A9284D0BB1006B5BD8 /* HikeBadge.swift in Sources */ = {isa = PBXBuildFile; fileRef = 7C4145A8284D0BB1006B5BD8 /* HikeBadge.swift */; };
		7C4145AD284D10C8006B5BD8 /* ProfileSummary.swift in Sources */ = {isa = PBXBuildFile; fileRef = 7C4145AB284D10C8006B5BD8 /* ProfileSummary.swift */; };
		7C4145AE284D10C8006B5BD8 /* ProfileHost.swift in Sources */ = {isa = PBXBuildFile; fileRef = 7C4145AC284D10C8006B5BD8 /* ProfileHost.swift */; };
		7C4145B0284D1811006B5BD8 /* ProfileEditor.swift in Sources */ = {isa = PBXBuildFile; fileRef = 7C4145AF284D1811006B5BD8 /* ProfileEditor.swift */; };
		7C7816EB28514D0A00DB24D1 /* Assets.xcassets in Resources */ = {isa = PBXBuildFile; fileRef = 7C7816EA28514D0A00DB24D1 /* Assets.xcassets */; };
		7C7816F128514D0B00DB24D1 /* WatchLandmarks WatchKit Extension.appex in Embed App Extensions */ = {isa = PBXBuildFile; fileRef = 7C7816F028514D0B00DB24D1 /* WatchLandmarks WatchKit Extension.appex */; settings = {ATTRIBUTES = (RemoveHeadersOnCopy, ); }; };
		7C7816F828514D0B00DB24D1 /* ContentView.swift in Sources */ = {isa = PBXBuildFile; fileRef = 7C7816F728514D0B00DB24D1 /* ContentView.swift */; };
		7C7816FA28514D0B00DB24D1 /* NotificationController.swift in Sources */ = {isa = PBXBuildFile; fileRef = 7C7816F928514D0B00DB24D1 /* NotificationController.swift */; };
		7C7816FC28514D0B00DB24D1 /* NotificationView.swift in Sources */ = {isa = PBXBuildFile; fileRef = 7C7816FB28514D0B00DB24D1 /* NotificationView.swift */; };
		7C7816FE28514D0B00DB24D1 /* ComplicationController.swift in Sources */ = {isa = PBXBuildFile; fileRef = 7C7816FD28514D0B00DB24D1 /* ComplicationController.swift */; };
		7C78170028514D0C00DB24D1 /* Assets.xcassets in Resources */ = {isa = PBXBuildFile; fileRef = 7C7816FF28514D0C00DB24D1 /* Assets.xcassets */; };
		7C78170328514D0C00DB24D1 /* Preview Assets.xcassets in Resources */ = {isa = PBXBuildFile; fileRef = 7C78170228514D0C00DB24D1 /* Preview Assets.xcassets */; };
		7C78170828514D0C00DB24D1 /* WatchLandmarks.app in Embed Watch Content */ = {isa = PBXBuildFile; fileRef = 7C7816E828514D0400DB24D1 /* WatchLandmarks.app */; settings = {ATTRIBUTES = (RemoveHeadersOnCopy, ); }; };
		7C78171128514DE000DB24D1 /* LandmarkRow.swift in Sources */ = {isa = PBXBuildFile; fileRef = 7CA7700A2844DAB200B1AC96 /* LandmarkRow.swift */; };
		7C78171228514DE000DB24D1 /* ModelData.swift in Sources */ = {isa = PBXBuildFile; fileRef = 7CA770062844D8DA00B1AC96 /* ModelData.swift */; };
		7C78171328514DE000DB24D1 /* LandmarksApp.swift in Sources */ = {isa = PBXBuildFile; fileRef = 7CA76FEF2844CDDF00B1AC96 /* LandmarksApp.swift */; };
		7C78171428514DE000DB24D1 /* Hike.swift in Sources */ = {isa = PBXBuildFile; fileRef = 7C41458F284B6D36006B5BD8 /* Hike.swift */; };
		7C78171528514DE000DB24D1 /* landmarkData.json in Resources */ = {isa = PBXBuildFile; fileRef = 7CA770022844D7D500B1AC96 /* landmarkData.json */; };
		7C78171628514DE000DB24D1 /* Profile.swift in Sources */ = {isa = PBXBuildFile; fileRef = 7C4145A1284D09B9006B5BD8 /* Profile.swift */; };
		7C78171728514DE000DB24D1 /* Landmark.swift in Sources */ = {isa = PBXBuildFile; fileRef = 7CA770042844D7E700B1AC96 /* Landmark.swift */; };
		7C78171828514DE000DB24D1 /* hikeData.json in Resources */ = {isa = PBXBuildFile; fileRef = 7C41458D284B6D1E006B5BD8 /* hikeData.json */; };
		7C78171928514DE000DB24D1 /* CircleImage.swift in Sources */ = {isa = PBXBuildFile; fileRef = 7CA76FFD2844D3AD00B1AC96 /* CircleImage.swift */; };
		7C78171A28514DE000DB24D1 /* Assets.xcassets in Resources */ = {isa = PBXBuildFile; fileRef = 7CA76FF32844CDE100B1AC96 /* Assets.xcassets */; };
		7C78171B28514DE000DB24D1 /* LandmarkList.swift in Sources */ = {isa = PBXBuildFile; fileRef = 7CA7700C2844DCB000B1AC96 /* LandmarkList.swift */; };
		7C78171C28514DE000DB24D1 /* MapView.swift in Sources */ = {isa = PBXBuildFile; fileRef = 7CA76FFF2844D3F200B1AC96 /* MapView.swift */; };
		7C78171E28514EA300DB24D1 /* LandmarkDetail.swift in Sources */ = {isa = PBXBuildFile; fileRef = 7C78171D28514EA300DB24D1 /* LandmarkDetail.swift */; };
		7C79EA192848B964006CB0E2 /* FavoriteButton.swift in Sources */ = {isa = PBXBuildFile; fileRef = 7C79EA182848B964006CB0E2 /* FavoriteButton.swift */; };
		7C8698DE28509E4800452D46 /* PageViewController.swift in Sources */ = {isa = PBXBuildFile; fileRef = 7C8698DD28509E4800452D46 /* PageViewController.swift */; };
		7C8698E028509EBF00452D46 /* FeatureCard.swift in Sources */ = {isa = PBXBuildFile; fileRef = 7C8698DF28509EBF00452D46 /* FeatureCard.swift */; };
		7C8698E228509EE300452D46 /* PageView.swift in Sources */ = {isa = PBXBuildFile; fileRef = 7C8698E128509EE300452D46 /* PageView.swift */; };
		7C8698E42850AE6100452D46 /* PageControl.swift in Sources */ = {isa = PBXBuildFile; fileRef = 7C8698E32850AE6100452D46 /* PageControl.swift */; };
		7CA76FF02844CDDF00B1AC96 /* LandmarksApp.swift in Sources */ = {isa = PBXBuildFile; fileRef = 7CA76FEF2844CDDF00B1AC96 /* LandmarksApp.swift */; };
		7CA76FF22844CDDF00B1AC96 /* ContentView.swift in Sources */ = {isa = PBXBuildFile; fileRef = 7CA76FF12844CDDF00B1AC96 /* ContentView.swift */; };
		7CA76FF42844CDE100B1AC96 /* Assets.xcassets in Resources */ = {isa = PBXBuildFile; fileRef = 7CA76FF32844CDE100B1AC96 /* Assets.xcassets */; };
		7CA76FF72844CDE100B1AC96 /* Preview Assets.xcassets in Resources */ = {isa = PBXBuildFile; fileRef = 7CA76FF62844CDE100B1AC96 /* Preview Assets.xcassets */; };
		7CA76FFE2844D3AD00B1AC96 /* CircleImage.swift in Sources */ = {isa = PBXBuildFile; fileRef = 7CA76FFD2844D3AD00B1AC96 /* CircleImage.swift */; };
		7CA770002844D3F200B1AC96 /* MapView.swift in Sources */ = {isa = PBXBuildFile; fileRef = 7CA76FFF2844D3F200B1AC96 /* MapView.swift */; };
		7CA770032844D7D500B1AC96 /* landmarkData.json in Resources */ = {isa = PBXBuildFile; fileRef = 7CA770022844D7D500B1AC96 /* landmarkData.json */; };
		7CA770052844D7E700B1AC96 /* Landmark.swift in Sources */ = {isa = PBXBuildFile; fileRef = 7CA770042844D7E700B1AC96 /* Landmark.swift */; };
		7CA770072844D8DA00B1AC96 /* ModelData.swift in Sources */ = {isa = PBXBuildFile; fileRef = 7CA770062844D8DA00B1AC96 /* ModelData.swift */; };
		7CA7700B2844DAB200B1AC96 /* LandmarkRow.swift in Sources */ = {isa = PBXBuildFile; fileRef = 7CA7700A2844DAB200B1AC96 /* LandmarkRow.swift */; };
		7CA7700D2844DCB000B1AC96 /* LandmarkList.swift in Sources */ = {isa = PBXBuildFile; fileRef = 7CA7700C2844DCB000B1AC96 /* LandmarkList.swift */; };
		7CA7700F2845C38600B1AC96 /* LandmarkDetail.swift in Sources */ = {isa = PBXBuildFile; fileRef = 7CA7700E2845C38500B1AC96 /* LandmarkDetail.swift */; };
/* End PBXBuildFile section */

/* Begin PBXContainerItemProxy section */
		7C7816F228514D0B00DB24D1 /* PBXContainerItemProxy */ = {
			isa = PBXContainerItemProxy;
			containerPortal = 7CA76FE42844CDDF00B1AC96 /* Project object */;
			proxyType = 1;
			remoteGlobalIDString = 7C7816EF28514D0B00DB24D1;
			remoteInfo = "WatchLandmarks WatchKit Extension";
		};
		7C78170628514D0C00DB24D1 /* PBXContainerItemProxy */ = {
			isa = PBXContainerItemProxy;
			containerPortal = 7CA76FE42844CDDF00B1AC96 /* Project object */;
			proxyType = 1;
			remoteGlobalIDString = 7C7816E728514D0400DB24D1;
			remoteInfo = WatchLandmarks;
		};
/* End PBXContainerItemProxy section */

/* Begin PBXCopyFilesBuildPhase section */
		7C78170928514D0C00DB24D1 /* Embed Watch Content */ = {
			isa = PBXCopyFilesBuildPhase;
			buildActionMask = 2147483647;
			dstPath = "$(CONTENTS_FOLDER_PATH)/Watch";
			dstSubfolderSpec = 16;
			files = (
				7C78170828514D0C00DB24D1 /* WatchLandmarks.app in Embed Watch Content */,
			);
			name = "Embed Watch Content";
			runOnlyForDeploymentPostprocessing = 0;
		};
		7C78170C28514D0C00DB24D1 /* Embed App Extensions */ = {
			isa = PBXCopyFilesBuildPhase;
			buildActionMask = 2147483647;
			dstPath = "";
			dstSubfolderSpec = 13;
			files = (
				7C7816F128514D0B00DB24D1 /* WatchLandmarks WatchKit Extension.appex in Embed App Extensions */,
			);
			name = "Embed App Extensions";
			runOnlyForDeploymentPostprocessing = 0;
		};
/* End PBXCopyFilesBuildPhase section */

/* Begin PBXFileReference section */
		7C334F0A28516671007D1CEE /* MacLandmarks.app */ = {isa = PBXFileReference; explicitFileType = wrapper.application; includeInIndex = 0; path = MacLandmarks.app; sourceTree = BUILT_PRODUCTS_DIR; };
		7C334F0E28516671007D1CEE /* ContentView.swift */ = {isa = PBXFileReference; lastKnownFileType = sourcecode.swift; path = ContentView.swift; sourceTree = "<group>"; };
		7C334F1028516674007D1CEE /* Assets.xcassets */ = {isa = PBXFileReference; lastKnownFileType = folder.assetcatalog; path = Assets.xcassets; sourceTree = "<group>"; };
		7C334F1328516674007D1CEE /* Preview Assets.xcassets */ = {isa = PBXFileReference; lastKnownFileType = folder.assetcatalog; path = "Preview Assets.xcassets"; sourceTree = "<group>"; };
		7C334F1528516674007D1CEE /* MacLandmarks.entitlements */ = {isa = PBXFileReference; lastKnownFileType = text.plist.entitlements; path = MacLandmarks.entitlements; sourceTree = "<group>"; };
		7C334F252851682C007D1CEE /* LandmarkDetail.swift */ = {isa = PBXFileReference; lastKnownFileType = sourcecode.swift; path = LandmarkDetail.swift; sourceTree = "<group>"; };
		7C414582284B5E03006B5BD8 /* HexagonParameters.swift */ = {isa = PBXFileReference; lastKnownFileType = sourcecode.swift; path = HexagonParameters.swift; sourceTree = "<group>"; };
		7C414584284B5E4C006B5BD8 /* BadgeBackground.swift */ = {isa = PBXFileReference; lastKnownFileType = sourcecode.swift; path = BadgeBackground.swift; sourceTree = "<group>"; };
		7C414586284B5F40006B5BD8 /* BadgeSymbol.swift */ = {isa = PBXFileReference; lastKnownFileType = sourcecode.swift; path = BadgeSymbol.swift; sourceTree = "<group>"; };
		7C414588284B5F60006B5BD8 /* RotatedBadgeSymbol.swift */ = {isa = PBXFileReference; lastKnownFileType = sourcecode.swift; path = RotatedBadgeSymbol.swift; sourceTree = "<group>"; };
		7C41458A284B6420006B5BD8 /* Badge.swift */ = {isa = PBXFileReference; lastKnownFileType = sourcecode.swift; path = Badge.swift; sourceTree = "<group>"; };
		7C41458D284B6D1E006B5BD8 /* hikeData.json */ = {isa = PBXFileReference; fileEncoding = 4; lastKnownFileType = text.json; path = hikeData.json; sourceTree = "<group>"; };
		7C41458F284B6D36006B5BD8 /* Hike.swift */ = {isa = PBXFileReference; lastKnownFileType = sourcecode.swift; path = Hike.swift; sourceTree = "<group>"; };
		7C414592284B6D6A006B5BD8 /* GraphCapsule.swift */ = {isa = PBXFileReference; fileEncoding = 4; lastKnownFileType = sourcecode.swift; path = GraphCapsule.swift; sourceTree = "<group>"; };
		7C414593284B6D6A006B5BD8 /* HikeGraph.swift */ = {isa = PBXFileReference; fileEncoding = 4; lastKnownFileType = sourcecode.swift; path = HikeGraph.swift; sourceTree = "<group>"; };
		7C414594284B6D6A006B5BD8 /* HikeDetail.swift */ = {isa = PBXFileReference; fileEncoding = 4; lastKnownFileType = sourcecode.swift; path = HikeDetail.swift; sourceTree = "<group>"; };
		7C414595284B6D6A006B5BD8 /* HikeView.swift */ = {isa = PBXFileReference; fileEncoding = 4; lastKnownFileType = sourcecode.swift; path = HikeView.swift; sourceTree = "<group>"; };
		7C41459B284D03AA006B5BD8 /* CategoryHome.swift */ = {isa = PBXFileReference; lastKnownFileType = sourcecode.swift; path = CategoryHome.swift; sourceTree = "<group>"; };
		7C41459D284D04AA006B5BD8 /* CategoryRow.swift */ = {isa = PBXFileReference; lastKnownFileType = sourcecode.swift; path = CategoryRow.swift; sourceTree = "<group>"; };
		7C41459F284D04CA006B5BD8 /* CategoryItem.swift */ = {isa = PBXFileReference; lastKnownFileType = sourcecode.swift; path = CategoryItem.swift; sourceTree = "<group>"; };
		7C4145A1284D09B9006B5BD8 /* Profile.swift */ = {isa = PBXFileReference; lastKnownFileType = sourcecode.swift; path = Profile.swift; sourceTree = "<group>"; };
		7C4145A8284D0BB1006B5BD8 /* HikeBadge.swift */ = {isa = PBXFileReference; lastKnownFileType = sourcecode.swift; path = HikeBadge.swift; sourceTree = "<group>"; };
		7C4145AB284D10C8006B5BD8 /* ProfileSummary.swift */ = {isa = PBXFileReference; fileEncoding = 4; lastKnownFileType = sourcecode.swift; path = ProfileSummary.swift; sourceTree = "<group>"; };
		7C4145AC284D10C8006B5BD8 /* ProfileHost.swift */ = {isa = PBXFileReference; fileEncoding = 4; lastKnownFileType = sourcecode.swift; path = ProfileHost.swift; sourceTree = "<group>"; };
		7C4145AF284D1811006B5BD8 /* ProfileEditor.swift */ = {isa = PBXFileReference; lastKnownFileType = sourcecode.swift; path = ProfileEditor.swift; sourceTree = "<group>"; };
		7C7816E828514D0400DB24D1 /* WatchLandmarks.app */ = {isa = PBXFileReference; explicitFileType = wrapper.application; includeInIndex = 0; path = WatchLandmarks.app; sourceTree = BUILT_PRODUCTS_DIR; };
		7C7816EA28514D0A00DB24D1 /* Assets.xcassets */ = {isa = PBXFileReference; lastKnownFileType = folder.assetcatalog; path = Assets.xcassets; sourceTree = "<group>"; };
		7C7816F028514D0B00DB24D1 /* WatchLandmarks WatchKit Extension.appex */ = {isa = PBXFileReference; explicitFileType = "wrapper.app-extension"; includeInIndex = 0; path = "WatchLandmarks WatchKit Extension.appex"; sourceTree = BUILT_PRODUCTS_DIR; };
		7C7816F728514D0B00DB24D1 /* ContentView.swift */ = {isa = PBXFileReference; lastKnownFileType = sourcecode.swift; path = ContentView.swift; sourceTree = "<group>"; };
		7C7816F928514D0B00DB24D1 /* NotificationController.swift */ = {isa = PBXFileReference; lastKnownFileType = sourcecode.swift; path = NotificationController.swift; sourceTree = "<group>"; };
		7C7816FB28514D0B00DB24D1 /* NotificationView.swift */ = {isa = PBXFileReference; lastKnownFileType = sourcecode.swift; path = NotificationView.swift; sourceTree = "<group>"; };
		7C7816FD28514D0B00DB24D1 /* ComplicationController.swift */ = {isa = PBXFileReference; lastKnownFileType = sourcecode.swift; path = ComplicationController.swift; sourceTree = "<group>"; };
		7C7816FF28514D0C00DB24D1 /* Assets.xcassets */ = {isa = PBXFileReference; lastKnownFileType = folder.assetcatalog; path = Assets.xcassets; sourceTree = "<group>"; };
		7C78170228514D0C00DB24D1 /* Preview Assets.xcassets */ = {isa = PBXFileReference; lastKnownFileType = folder.assetcatalog; path = "Preview Assets.xcassets"; sourceTree = "<group>"; };
		7C78170428514D0C00DB24D1 /* Info.plist */ = {isa = PBXFileReference; lastKnownFileType = text.plist.xml; path = Info.plist; sourceTree = "<group>"; };
		7C78170528514D0C00DB24D1 /* PushNotificationPayload.apns */ = {isa = PBXFileReference; lastKnownFileType = text; path = PushNotificationPayload.apns; sourceTree = "<group>"; };
		7C78171D28514EA300DB24D1 /* LandmarkDetail.swift */ = {isa = PBXFileReference; lastKnownFileType = sourcecode.swift; path = LandmarkDetail.swift; sourceTree = "<group>"; };
		7C79EA182848B964006CB0E2 /* FavoriteButton.swift */ = {isa = PBXFileReference; lastKnownFileType = sourcecode.swift; path = FavoriteButton.swift; sourceTree = "<group>"; };
		7C8698DD28509E4800452D46 /* PageViewController.swift */ = {isa = PBXFileReference; lastKnownFileType = sourcecode.swift; path = PageViewController.swift; sourceTree = "<group>"; };
		7C8698DF28509EBF00452D46 /* FeatureCard.swift */ = {isa = PBXFileReference; lastKnownFileType = sourcecode.swift; path = FeatureCard.swift; sourceTree = "<group>"; };
		7C8698E128509EE300452D46 /* PageView.swift */ = {isa = PBXFileReference; lastKnownFileType = sourcecode.swift; path = PageView.swift; sourceTree = "<group>"; };
		7C8698E32850AE6100452D46 /* PageControl.swift */ = {isa = PBXFileReference; lastKnownFileType = sourcecode.swift; path = PageControl.swift; sourceTree = "<group>"; };
		7CA76FEC2844CDDF00B1AC96 /* Landmarks.app */ = {isa = PBXFileReference; explicitFileType = wrapper.application; includeInIndex = 0; path = Landmarks.app; sourceTree = BUILT_PRODUCTS_DIR; };
		7CA76FEF2844CDDF00B1AC96 /* LandmarksApp.swift */ = {isa = PBXFileReference; lastKnownFileType = sourcecode.swift; path = LandmarksApp.swift; sourceTree = "<group>"; };
		7CA76FF12844CDDF00B1AC96 /* ContentView.swift */ = {isa = PBXFileReference; lastKnownFileType = sourcecode.swift; path = ContentView.swift; sourceTree = "<group>"; };
		7CA76FF32844CDE100B1AC96 /* Assets.xcassets */ = {isa = PBXFileReference; lastKnownFileType = folder.assetcatalog; path = Assets.xcassets; sourceTree = "<group>"; };
		7CA76FF62844CDE100B1AC96 /* Preview Assets.xcassets */ = {isa = PBXFileReference; lastKnownFileType = folder.assetcatalog; path = "Preview Assets.xcassets"; sourceTree = "<group>"; };
		7CA76FFD2844D3AD00B1AC96 /* CircleImage.swift */ = {isa = PBXFileReference; lastKnownFileType = sourcecode.swift; path = CircleImage.swift; sourceTree = "<group>"; };
		7CA76FFF2844D3F200B1AC96 /* MapView.swift */ = {isa = PBXFileReference; lastKnownFileType = sourcecode.swift; path = MapView.swift; sourceTree = "<group>"; };
		7CA770022844D7D500B1AC96 /* landmarkData.json */ = {isa = PBXFileReference; fileEncoding = 4; lastKnownFileType = text.json; path = landmarkData.json; sourceTree = "<group>"; };
		7CA770042844D7E700B1AC96 /* Landmark.swift */ = {isa = PBXFileReference; lastKnownFileType = sourcecode.swift; path = Landmark.swift; sourceTree = "<group>"; };
		7CA770062844D8DA00B1AC96 /* ModelData.swift */ = {isa = PBXFileReference; lastKnownFileType = sourcecode.swift; path = ModelData.swift; sourceTree = "<group>"; };
		7CA7700A2844DAB200B1AC96 /* LandmarkRow.swift */ = {isa = PBXFileReference; lastKnownFileType = sourcecode.swift; path = LandmarkRow.swift; sourceTree = "<group>"; };
		7CA7700C2844DCB000B1AC96 /* LandmarkList.swift */ = {isa = PBXFileReference; lastKnownFileType = sourcecode.swift; path = LandmarkList.swift; sourceTree = "<group>"; };
		7CA7700E2845C38500B1AC96 /* LandmarkDetail.swift */ = {isa = PBXFileReference; lastKnownFileType = sourcecode.swift; path = LandmarkDetail.swift; sourceTree = "<group>"; };
/* End PBXFileReference section */

/* Begin PBXFrameworksBuildPhase section */
		7C334F0728516671007D1CEE /* Frameworks */ = {
			isa = PBXFrameworksBuildPhase;
			buildActionMask = 2147483647;
			files = (
			);
			runOnlyForDeploymentPostprocessing = 0;
		};
		7C7816ED28514D0B00DB24D1 /* Frameworks */ = {
			isa = PBXFrameworksBuildPhase;
			buildActionMask = 2147483647;
			files = (
			);
			runOnlyForDeploymentPostprocessing = 0;
		};
		7CA76FE92844CDDF00B1AC96 /* Frameworks */ = {
			isa = PBXFrameworksBuildPhase;
			buildActionMask = 2147483647;
			files = (
			);
			runOnlyForDeploymentPostprocessing = 0;
		};
/* End PBXFrameworksBuildPhase section */

/* Begin PBXGroup section */
		7C334F0B28516671007D1CEE /* MacLandmarks */ = {
			isa = PBXGroup;
			children = (
				7C334F0E28516671007D1CEE /* ContentView.swift */,
				7C334F252851682C007D1CEE /* LandmarkDetail.swift */,
				7C334F1028516674007D1CEE /* Assets.xcassets */,
				7C334F1528516674007D1CEE /* MacLandmarks.entitlements */,
				7C334F1228516674007D1CEE /* Preview Content */,
			);
			path = MacLandmarks;
			sourceTree = "<group>";
		};
		7C334F1228516674007D1CEE /* Preview Content */ = {
			isa = PBXGroup;
			children = (
				7C334F1328516674007D1CEE /* Preview Assets.xcassets */,
			);
			path = "Preview Content";
			sourceTree = "<group>";
		};
		7C41458C284B643A006B5BD8 /* Badges */ = {
			isa = PBXGroup;
			children = (
				7C4145A8284D0BB1006B5BD8 /* HikeBadge.swift */,
				7C41458A284B6420006B5BD8 /* Badge.swift */,
				7C414584284B5E4C006B5BD8 /* BadgeBackground.swift */,
				7C414586284B5F40006B5BD8 /* BadgeSymbol.swift */,
				7C414588284B5F60006B5BD8 /* RotatedBadgeSymbol.swift */,
				7C414582284B5E03006B5BD8 /* HexagonParameters.swift */,
			);
			path = Badges;
			sourceTree = "<group>";
		};
		7C414591284B6D6A006B5BD8 /* Hikes */ = {
			isa = PBXGroup;
			children = (
				7C414595284B6D6A006B5BD8 /* HikeView.swift */,
				7C414594284B6D6A006B5BD8 /* HikeDetail.swift */,
				7C414593284B6D6A006B5BD8 /* HikeGraph.swift */,
				7C414592284B6D6A006B5BD8 /* GraphCapsule.swift */,
			);
			path = Hikes;
			sourceTree = "<group>";
		};
		7C41459A284D0393006B5BD8 /* Categories */ = {
			isa = PBXGroup;
			children = (
				7C41459B284D03AA006B5BD8 /* CategoryHome.swift */,
				7C41459D284D04AA006B5BD8 /* CategoryRow.swift */,
				7C41459F284D04CA006B5BD8 /* CategoryItem.swift */,
			);
			path = Categories;
			sourceTree = "<group>";
		};
		7C4145AA284D10C8006B5BD8 /* Profiles */ = {
			isa = PBXGroup;
			children = (
				7C4145AC284D10C8006B5BD8 /* ProfileHost.swift */,
				7C4145AB284D10C8006B5BD8 /* ProfileSummary.swift */,
				7C4145AF284D1811006B5BD8 /* ProfileEditor.swift */,
			);
			path = Profiles;
			sourceTree = "<group>";
		};
		7C7816E928514D0400DB24D1 /* WatchLandmarks */ = {
			isa = PBXGroup;
			children = (
				7C7816EA28514D0A00DB24D1 /* Assets.xcassets */,
			);
			path = WatchLandmarks;
			sourceTree = "<group>";
		};
		7C7816F428514D0B00DB24D1 /* WatchLandmarks WatchKit Extension */ = {
			isa = PBXGroup;
			children = (
				7C7816F728514D0B00DB24D1 /* ContentView.swift */,
				7C78171D28514EA300DB24D1 /* LandmarkDetail.swift */,
				7C7816F928514D0B00DB24D1 /* NotificationController.swift */,
				7C7816FB28514D0B00DB24D1 /* NotificationView.swift */,
				7C7816FD28514D0B00DB24D1 /* ComplicationController.swift */,
				7C7816FF28514D0C00DB24D1 /* Assets.xcassets */,
				7C78170428514D0C00DB24D1 /* Info.plist */,
				7C78170528514D0C00DB24D1 /* PushNotificationPayload.apns */,
				7C78170128514D0C00DB24D1 /* Preview Content */,
			);
			path = "WatchLandmarks WatchKit Extension";
			sourceTree = "<group>";
		};
		7C78170128514D0C00DB24D1 /* Preview Content */ = {
			isa = PBXGroup;
			children = (
				7C78170228514D0C00DB24D1 /* Preview Assets.xcassets */,
			);
			path = "Preview Content";
			sourceTree = "<group>";
		};
		7C79EA1A2848B985006CB0E2 /* Helpers */ = {
			isa = PBXGroup;
			children = (
				7CA76FFD2844D3AD00B1AC96 /* CircleImage.swift */,
				7CA76FFF2844D3F200B1AC96 /* MapView.swift */,
				7C79EA182848B964006CB0E2 /* FavoriteButton.swift */,
			);
			path = Helpers;
			sourceTree = "<group>";
		};
		7C79EA1B2848B99B006CB0E2 /* Landmarks */ = {
			isa = PBXGroup;
			children = (
				7CA7700C2844DCB000B1AC96 /* LandmarkList.swift */,
				7CA7700A2844DAB200B1AC96 /* LandmarkRow.swift */,
				7CA7700E2845C38500B1AC96 /* LandmarkDetail.swift */,
			);
			path = Landmarks;
			sourceTree = "<group>";
		};
		7C8698DC28509E3900452D46 /* PageView */ = {
			isa = PBXGroup;
			children = (
				7C8698E128509EE300452D46 /* PageView.swift */,
				7C8698DD28509E4800452D46 /* PageViewController.swift */,
				7C8698E32850AE6100452D46 /* PageControl.swift */,
				7C8698DF28509EBF00452D46 /* FeatureCard.swift */,
			);
			path = PageView;
			sourceTree = "<group>";
		};
		7CA76FE32844CDDF00B1AC96 = {
			isa = PBXGroup;
			children = (
				7CA76FEE2844CDDF00B1AC96 /* Landmarks */,
				7C7816E928514D0400DB24D1 /* WatchLandmarks */,
				7C7816F428514D0B00DB24D1 /* WatchLandmarks WatchKit Extension */,
				7C334F0B28516671007D1CEE /* MacLandmarks */,
				7CA76FED2844CDDF00B1AC96 /* Products */,
			);
			sourceTree = "<group>";
		};
		7CA76FED2844CDDF00B1AC96 /* Products */ = {
			isa = PBXGroup;
			children = (
				7CA76FEC2844CDDF00B1AC96 /* Landmarks.app */,
				7C7816E828514D0400DB24D1 /* WatchLandmarks.app */,
				7C7816F028514D0B00DB24D1 /* WatchLandmarks WatchKit Extension.appex */,
				7C334F0A28516671007D1CEE /* MacLandmarks.app */,
			);
			name = Products;
			sourceTree = "<group>";
		};
		7CA76FEE2844CDDF00B1AC96 /* Landmarks */ = {
			isa = PBXGroup;
			children = (
				7CA76FEF2844CDDF00B1AC96 /* LandmarksApp.swift */,
				7CA770082844D90700B1AC96 /* Views */,
				7CA770092844D91200B1AC96 /* Model */,
				7CA770012844D7D500B1AC96 /* Resources */,
				7CA76FF32844CDE100B1AC96 /* Assets.xcassets */,
				7CA76FF52844CDE100B1AC96 /* Preview Content */,
			);
			path = Landmarks;
			sourceTree = "<group>";
		};
		7CA76FF52844CDE100B1AC96 /* Preview Content */ = {
			isa = PBXGroup;
			children = (
				7CA76FF62844CDE100B1AC96 /* Preview Assets.xcassets */,
			);
			path = "Preview Content";
			sourceTree = "<group>";
		};
		7CA770012844D7D500B1AC96 /* Resources */ = {
			isa = PBXGroup;
			children = (
				7CA770022844D7D500B1AC96 /* landmarkData.json */,
				7C41458D284B6D1E006B5BD8 /* hikeData.json */,
			);
			path = Resources;
			sourceTree = "<group>";
		};
		7CA770082844D90700B1AC96 /* Views */ = {
			isa = PBXGroup;
			children = (
				7CA76FF12844CDDF00B1AC96 /* ContentView.swift */,
				7C41459A284D0393006B5BD8 /* Categories */,
				7C79EA1B2848B99B006CB0E2 /* Landmarks */,
				7C8698DC28509E3900452D46 /* PageView */,
				7C4145AA284D10C8006B5BD8 /* Profiles */,
				7C41458C284B643A006B5BD8 /* Badges */,
				7C414591284B6D6A006B5BD8 /* Hikes */,
				7C79EA1A2848B985006CB0E2 /* Helpers */,
			);
			path = Views;
			sourceTree = "<group>";
		};
		7CA770092844D91200B1AC96 /* Model */ = {
			isa = PBXGroup;
			children = (
				7CA770062844D8DA00B1AC96 /* ModelData.swift */,
				7CA770042844D7E700B1AC96 /* Landmark.swift */,
				7C41458F284B6D36006B5BD8 /* Hike.swift */,
				7C4145A1284D09B9006B5BD8 /* Profile.swift */,
			);
			path = Model;
			sourceTree = "<group>";
		};
/* End PBXGroup section */

/* Begin PBXNativeTarget section */
		7C334F0928516671007D1CEE /* MacLandmarks */ = {
			isa = PBXNativeTarget;
			buildConfigurationList = 7C334F1628516674007D1CEE /* Build configuration list for PBXNativeTarget "MacLandmarks" */;
			buildPhases = (
				7C334F0628516671007D1CEE /* Sources */,
				7C334F0728516671007D1CEE /* Frameworks */,
				7C334F0828516671007D1CEE /* Resources */,
			);
			buildRules = (
			);
			dependencies = (
			);
			name = MacLandmarks;
			productName = MacLandmarks;
			productReference = 7C334F0A28516671007D1CEE /* MacLandmarks.app */;
			productType = "com.apple.product-type.application";
		};
		7C7816E728514D0400DB24D1 /* WatchLandmarks */ = {
			isa = PBXNativeTarget;
			buildConfigurationList = 7C78171028514D0C00DB24D1 /* Build configuration list for PBXNativeTarget "WatchLandmarks" */;
			buildPhases = (
				7C7816E628514D0400DB24D1 /* Resources */,
				7C78170C28514D0C00DB24D1 /* Embed App Extensions */,
			);
			buildRules = (
			);
			dependencies = (
				7C7816F328514D0B00DB24D1 /* PBXTargetDependency */,
			);
			name = WatchLandmarks;
			productName = WatchLandmarks;
			productReference = 7C7816E828514D0400DB24D1 /* WatchLandmarks.app */;
			productType = "com.apple.product-type.application.watchapp2";
		};
		7C7816EF28514D0B00DB24D1 /* WatchLandmarks WatchKit Extension */ = {
			isa = PBXNativeTarget;
			buildConfigurationList = 7C78170F28514D0C00DB24D1 /* Build configuration list for PBXNativeTarget "WatchLandmarks WatchKit Extension" */;
			buildPhases = (
				7C7816EC28514D0B00DB24D1 /* Sources */,
				7C7816ED28514D0B00DB24D1 /* Frameworks */,
				7C7816EE28514D0B00DB24D1 /* Resources */,
			);
			buildRules = (
			);
			dependencies = (
			);
			name = "WatchLandmarks WatchKit Extension";
			productName = "WatchLandmarks WatchKit Extension";
			productReference = 7C7816F028514D0B00DB24D1 /* WatchLandmarks WatchKit Extension.appex */;
			productType = "com.apple.product-type.watchkit2-extension";
		};
		7CA76FEB2844CDDF00B1AC96 /* Landmarks */ = {
			isa = PBXNativeTarget;
			buildConfigurationList = 7CA76FFA2844CDE100B1AC96 /* Build configuration list for PBXNativeTarget "Landmarks" */;
			buildPhases = (
				7CA76FE82844CDDF00B1AC96 /* Sources */,
				7CA76FE92844CDDF00B1AC96 /* Frameworks */,
				7CA76FEA2844CDDF00B1AC96 /* Resources */,
				7C78170928514D0C00DB24D1 /* Embed Watch Content */,
			);
			buildRules = (
			);
			dependencies = (
				7C78170728514D0C00DB24D1 /* PBXTargetDependency */,
			);
			name = Landmarks;
			productName = Landmarks;
			productReference = 7CA76FEC2844CDDF00B1AC96 /* Landmarks.app */;
			productType = "com.apple.product-type.application";
		};
/* End PBXNativeTarget section */

/* Begin PBXProject section */
		7CA76FE42844CDDF00B1AC96 /* Project object */ = {
			isa = PBXProject;
			attributes = {
				BuildIndependentTargetsInParallel = 1;
				LastSwiftUpdateCheck = 1340;
				LastUpgradeCheck = 1340;
				TargetAttributes = {
					7C334F0928516671007D1CEE = {
						CreatedOnToolsVersion = 13.4.1;
					};
					7C7816E728514D0400DB24D1 = {
						CreatedOnToolsVersion = 13.4.1;
					};
					7C7816EF28514D0B00DB24D1 = {
						CreatedOnToolsVersion = 13.4.1;
					};
					7CA76FEB2844CDDF00B1AC96 = {
						CreatedOnToolsVersion = 13.4;
					};
				};
			};
			buildConfigurationList = 7CA76FE72844CDDF00B1AC96 /* Build configuration list for PBXProject "Landmarks" */;
			compatibilityVersion = "Xcode 13.0";
			developmentRegion = en;
			hasScannedForEncodings = 0;
			knownRegions = (
				en,
				Base,
			);
			mainGroup = 7CA76FE32844CDDF00B1AC96;
			productRefGroup = 7CA76FED2844CDDF00B1AC96 /* Products */;
			projectDirPath = "";
			projectRoot = "";
			targets = (
				7CA76FEB2844CDDF00B1AC96 /* Landmarks */,
				7C7816E728514D0400DB24D1 /* WatchLandmarks */,
				7C7816EF28514D0B00DB24D1 /* WatchLandmarks WatchKit Extension */,
				7C334F0928516671007D1CEE /* MacLandmarks */,
			);
		};
/* End PBXProject section */

/* Begin PBXResourcesBuildPhase section */
		7C334F0828516671007D1CEE /* Resources */ = {
			isa = PBXResourcesBuildPhase;
			buildActionMask = 2147483647;
			files = (
				7C334F1E28516736007D1CEE /* hikeData.json in Resources */,
				7C334F1428516674007D1CEE /* Preview Assets.xcassets in Resources */,
				7C334F1128516674007D1CEE /* Assets.xcassets in Resources */,
				7C334F1928516736007D1CEE /* landmarkData.json in Resources */,
				7C334F27285168BC007D1CEE /* Assets.xcassets in Resources */,
			);
			runOnlyForDeploymentPostprocessing = 0;
		};
		7C7816E628514D0400DB24D1 /* Resources */ = {
			isa = PBXResourcesBuildPhase;
			buildActionMask = 2147483647;
			files = (
				7C7816EB28514D0A00DB24D1 /* Assets.xcassets in Resources */,
			);
			runOnlyForDeploymentPostprocessing = 0;
		};
		7C7816EE28514D0B00DB24D1 /* Resources */ = {
			isa = PBXResourcesBuildPhase;
			buildActionMask = 2147483647;
			files = (
				7C78171828514DE000DB24D1 /* hikeData.json in Resources */,
				7C78170328514D0C00DB24D1 /* Preview Assets.xcassets in Resources */,
				7C78170028514D0C00DB24D1 /* Assets.xcassets in Resources */,
				7C78171528514DE000DB24D1 /* landmarkData.json in Resources */,
				7C78171A28514DE000DB24D1 /* Assets.xcassets in Resources */,
			);
			runOnlyForDeploymentPostprocessing = 0;
		};
		7CA76FEA2844CDDF00B1AC96 /* Resources */ = {
			isa = PBXResourcesBuildPhase;
			buildActionMask = 2147483647;
			files = (
				7C41458E284B6D1E006B5BD8 /* hikeData.json in Resources */,
				7CA76FF72844CDE100B1AC96 /* Preview Assets.xcassets in Resources */,
				7CA76FF42844CDE100B1AC96 /* Assets.xcassets in Resources */,
				7CA770032844D7D500B1AC96 /* landmarkData.json in Resources */,
			);
			runOnlyForDeploymentPostprocessing = 0;
		};
/* End PBXResourcesBuildPhase section */

/* Begin PBXSourcesBuildPhase section */
		7C334F0628516671007D1CEE /* Sources */ = {
			isa = PBXSourcesBuildPhase;
			buildActionMask = 2147483647;
			files = (
				7C334F0F28516671007D1CEE /* ContentView.swift in Sources */,
				7C334F1A28516736007D1CEE /* LandmarksApp.swift in Sources */,
				7C334F1B28516736007D1CEE /* ModelData.swift in Sources */,
				7C334F2128516736007D1CEE /* FavoriteButton.swift in Sources */,
				7C334F262851682C007D1CEE /* LandmarkDetail.swift in Sources */,
				7C334F2428516736007D1CEE /* Hike.swift in Sources */,
				7C334F1C28516736007D1CEE /* LandmarkList.swift in Sources */,
				7C334F1D28516736007D1CEE /* Landmark.swift in Sources */,
				7C334F2028516736007D1CEE /* LandmarkRow.swift in Sources */,
				7C334F2328516736007D1CEE /* MapView.swift in Sources */,
				7C334F2228516736007D1CEE /* Profile.swift in Sources */,
				7C334F1F28516736007D1CEE /* CircleImage.swift in Sources */,
			);
			runOnlyForDeploymentPostprocessing = 0;
		};
		7C7816EC28514D0B00DB24D1 /* Sources */ = {
			isa = PBXSourcesBuildPhase;
			buildActionMask = 2147483647;
			files = (
				7C7816FA28514D0B00DB24D1 /* NotificationController.swift in Sources */,
				7C78171328514DE000DB24D1 /* LandmarksApp.swift in Sources */,
				7C7816F828514D0B00DB24D1 /* ContentView.swift in Sources */,
				7C7816FE28514D0B00DB24D1 /* ComplicationController.swift in Sources */,
				7C78171C28514DE000DB24D1 /* MapView.swift in Sources */,
				7C78171128514DE000DB24D1 /* LandmarkRow.swift in Sources */,
				7C78171E28514EA300DB24D1 /* LandmarkDetail.swift in Sources */,
				7C7816FC28514D0B00DB24D1 /* NotificationView.swift in Sources */,
				7C78171428514DE000DB24D1 /* Hike.swift in Sources */,
				7C78171B28514DE000DB24D1 /* LandmarkList.swift in Sources */,
				7C78171628514DE000DB24D1 /* Profile.swift in Sources */,
				7C78171928514DE000DB24D1 /* CircleImage.swift in Sources */,
				7C78171228514DE000DB24D1 /* ModelData.swift in Sources */,
				7C78171728514DE000DB24D1 /* Landmark.swift in Sources */,
			);
			runOnlyForDeploymentPostprocessing = 0;
		};
		7CA76FE82844CDDF00B1AC96 /* Sources */ = {
			isa = PBXSourcesBuildPhase;
			buildActionMask = 2147483647;
			files = (
				7C41459E284D04AA006B5BD8 /* CategoryRow.swift in Sources */,
				7C4145A2284D09B9006B5BD8 /* Profile.swift in Sources */,
				7CA76FF22844CDDF00B1AC96 /* ContentView.swift in Sources */,
				7C41459C284D03AA006B5BD8 /* CategoryHome.swift in Sources */,
				7C8698E028509EBF00452D46 /* FeatureCard.swift in Sources */,
				7C414597284B6D6A006B5BD8 /* HikeGraph.swift in Sources */,
				7C41458B284B6420006B5BD8 /* Badge.swift in Sources */,
				7CA770002844D3F200B1AC96 /* MapView.swift in Sources */,
				7C414596284B6D6A006B5BD8 /* GraphCapsule.swift in Sources */,
				7CA76FF02844CDDF00B1AC96 /* LandmarksApp.swift in Sources */,
				7C8698E42850AE6100452D46 /* PageControl.swift in Sources */,
				7C79EA192848B964006CB0E2 /* FavoriteButton.swift in Sources */,
				7C4145A0284D04CA006B5BD8 /* CategoryItem.swift in Sources */,
				7C414598284B6D6A006B5BD8 /* HikeDetail.swift in Sources */,
				7C4145AD284D10C8006B5BD8 /* ProfileSummary.swift in Sources */,
				7C414583284B5E03006B5BD8 /* HexagonParameters.swift in Sources */,
				7C414590284B6D36006B5BD8 /* Hike.swift in Sources */,
				7C414589284B5F60006B5BD8 /* RotatedBadgeSymbol.swift in Sources */,
				7C414587284B5F40006B5BD8 /* BadgeSymbol.swift in Sources */,
				7C8698E228509EE300452D46 /* PageView.swift in Sources */,
				7C4145AE284D10C8006B5BD8 /* ProfileHost.swift in Sources */,
				7C4145B0284D1811006B5BD8 /* ProfileEditor.swift in Sources */,
				7CA7700D2844DCB000B1AC96 /* LandmarkList.swift in Sources */,
				7C414599284B6D6A006B5BD8 /* HikeView.swift in Sources */,
				7CA7700F2845C38600B1AC96 /* LandmarkDetail.swift in Sources */,
				7C8698DE28509E4800452D46 /* PageViewController.swift in Sources */,
				7C414585284B5E4C006B5BD8 /* BadgeBackground.swift in Sources */,
				7C4145A9284D0BB1006B5BD8 /* HikeBadge.swift in Sources */,
				7CA76FFE2844D3AD00B1AC96 /* CircleImage.swift in Sources */,
				7CA770052844D7E700B1AC96 /* Landmark.swift in Sources */,
				7CA7700B2844DAB200B1AC96 /* LandmarkRow.swift in Sources */,
				7CA770072844D8DA00B1AC96 /* ModelData.swift in Sources */,
			);
			runOnlyForDeploymentPostprocessing = 0;
		};
/* End PBXSourcesBuildPhase section */

/* Begin PBXTargetDependency section */
		7C7816F328514D0B00DB24D1 /* PBXTargetDependency */ = {
			isa = PBXTargetDependency;
			target = 7C7816EF28514D0B00DB24D1 /* WatchLandmarks WatchKit Extension */;
			targetProxy = 7C7816F228514D0B00DB24D1 /* PBXContainerItemProxy */;
		};
		7C78170728514D0C00DB24D1 /* PBXTargetDependency */ = {
			isa = PBXTargetDependency;
			target = 7C7816E728514D0400DB24D1 /* WatchLandmarks */;
			targetProxy = 7C78170628514D0C00DB24D1 /* PBXContainerItemProxy */;
		};
/* End PBXTargetDependency section */

/* Begin XCBuildConfiguration section */
		7C334F1728516674007D1CEE /* Debug */ = {
			isa = XCBuildConfiguration;
			buildSettings = {
				ASSETCATALOG_COMPILER_APPICON_NAME = AppIcon;
				ASSETCATALOG_COMPILER_GLOBAL_ACCENT_COLOR_NAME = AccentColor;
				CODE_SIGN_ENTITLEMENTS = MacLandmarks/MacLandmarks.entitlements;
				CODE_SIGN_STYLE = Automatic;
				COMBINE_HIDPI_IMAGES = YES;
				CURRENT_PROJECT_VERSION = 1;
				DEVELOPMENT_ASSET_PATHS = "\"MacLandmarks/Preview Content\"";
				DEVELOPMENT_TEAM = 2GPC52S3LY;
				ENABLE_HARDENED_RUNTIME = YES;
				ENABLE_PREVIEWS = YES;
				GENERATE_INFOPLIST_FILE = YES;
				INFOPLIST_KEY_NSHumanReadableCopyright = "";
				LD_RUNPATH_SEARCH_PATHS = (
					"$(inherited)",
					"@executable_path/../Frameworks",
				);
				MACOSX_DEPLOYMENT_TARGET = 12.3;
				MARKETING_VERSION = 1.0;
				PRODUCT_BUNDLE_IDENTIFIER = dev.mazzaos.MacLandmarks;
				PRODUCT_NAME = "$(TARGET_NAME)";
				SDKROOT = macosx;
				SWIFT_EMIT_LOC_STRINGS = YES;
				SWIFT_VERSION = 5.0;
			};
			name = Debug;
		};
		7C334F1828516674007D1CEE /* Release */ = {
			isa = XCBuildConfiguration;
			buildSettings = {
				ASSETCATALOG_COMPILER_APPICON_NAME = AppIcon;
				ASSETCATALOG_COMPILER_GLOBAL_ACCENT_COLOR_NAME = AccentColor;
				CODE_SIGN_ENTITLEMENTS = MacLandmarks/MacLandmarks.entitlements;
				CODE_SIGN_STYLE = Automatic;
				COMBINE_HIDPI_IMAGES = YES;
				CURRENT_PROJECT_VERSION = 1;
				DEVELOPMENT_ASSET_PATHS = "\"MacLandmarks/Preview Content\"";
				DEVELOPMENT_TEAM = 2GPC52S3LY;
				ENABLE_HARDENED_RUNTIME = YES;
				ENABLE_PREVIEWS = YES;
				GENERATE_INFOPLIST_FILE = YES;
				INFOPLIST_KEY_NSHumanReadableCopyright = "";
				LD_RUNPATH_SEARCH_PATHS = (
					"$(inherited)",
					"@executable_path/../Frameworks",
				);
				MACOSX_DEPLOYMENT_TARGET = 12.3;
				MARKETING_VERSION = 1.0;
				PRODUCT_BUNDLE_IDENTIFIER = dev.mazzaos.MacLandmarks;
				PRODUCT_NAME = "$(TARGET_NAME)";
				SDKROOT = macosx;
				SWIFT_EMIT_LOC_STRINGS = YES;
				SWIFT_VERSION = 5.0;
			};
			name = Release;
		};
		7C78170A28514D0C00DB24D1 /* Debug */ = {
			isa = XCBuildConfiguration;
			buildSettings = {
				ALWAYS_EMBED_SWIFT_STANDARD_LIBRARIES = YES;
				ASSETCATALOG_COMPILER_APPICON_NAME = AppIcon;
				ASSETCATALOG_COMPILER_GLOBAL_ACCENT_COLOR_NAME = AccentColor;
				CODE_SIGN_STYLE = Automatic;
				CURRENT_PROJECT_VERSION = 1;
				DEVELOPMENT_TEAM = 2GPC52S3LY;
				GENERATE_INFOPLIST_FILE = YES;
				IBSC_MODULE = WatchLandmarks_WatchKit_Extension;
				INFOPLIST_KEY_CFBundleDisplayName = WatchLandmarks;
				INFOPLIST_KEY_UISupportedInterfaceOrientations = "UIInterfaceOrientationPortrait UIInterfaceOrientationPortraitUpsideDown";
				INFOPLIST_KEY_WKCompanionAppBundleIdentifier = dev.mazzaos.Landmarks;
				MARKETING_VERSION = 1.0;
				PRODUCT_BUNDLE_IDENTIFIER = dev.mazzaos.Landmarks.watchkitapp;
				PRODUCT_NAME = "$(TARGET_NAME)";
				SDKROOT = watchos;
				SKIP_INSTALL = YES;
				SWIFT_EMIT_LOC_STRINGS = YES;
				SWIFT_VERSION = 5.0;
				TARGETED_DEVICE_FAMILY = 4;
				WATCHOS_DEPLOYMENT_TARGET = 8.5;
			};
			name = Debug;
		};
		7C78170B28514D0C00DB24D1 /* Release */ = {
			isa = XCBuildConfiguration;
			buildSettings = {
				ALWAYS_EMBED_SWIFT_STANDARD_LIBRARIES = YES;
				ASSETCATALOG_COMPILER_APPICON_NAME = AppIcon;
				ASSETCATALOG_COMPILER_GLOBAL_ACCENT_COLOR_NAME = AccentColor;
				CODE_SIGN_STYLE = Automatic;
				CURRENT_PROJECT_VERSION = 1;
				DEVELOPMENT_TEAM = 2GPC52S3LY;
				GENERATE_INFOPLIST_FILE = YES;
				IBSC_MODULE = WatchLandmarks_WatchKit_Extension;
				INFOPLIST_KEY_CFBundleDisplayName = WatchLandmarks;
				INFOPLIST_KEY_UISupportedInterfaceOrientations = "UIInterfaceOrientationPortrait UIInterfaceOrientationPortraitUpsideDown";
				INFOPLIST_KEY_WKCompanionAppBundleIdentifier = dev.mazzaos.Landmarks;
				MARKETING_VERSION = 1.0;
				PRODUCT_BUNDLE_IDENTIFIER = dev.mazzaos.Landmarks.watchkitapp;
				PRODUCT_NAME = "$(TARGET_NAME)";
				SDKROOT = watchos;
				SKIP_INSTALL = YES;
				SWIFT_EMIT_LOC_STRINGS = YES;
				SWIFT_VERSION = 5.0;
				TARGETED_DEVICE_FAMILY = 4;
				WATCHOS_DEPLOYMENT_TARGET = 8.5;
			};
			name = Release;
		};
		7C78170D28514D0C00DB24D1 /* Debug */ = {
			isa = XCBuildConfiguration;
			buildSettings = {
				ASSETCATALOG_COMPILER_COMPLICATION_NAME = Complication;
				CODE_SIGN_STYLE = Automatic;
				CURRENT_PROJECT_VERSION = 1;
				DEVELOPMENT_ASSET_PATHS = "\"WatchLandmarks WatchKit Extension/Preview Content\"";
				DEVELOPMENT_TEAM = 2GPC52S3LY;
				ENABLE_PREVIEWS = YES;
				GENERATE_INFOPLIST_FILE = YES;
				INFOPLIST_FILE = "WatchLandmarks WatchKit Extension/Info.plist";
				INFOPLIST_KEY_CFBundleDisplayName = "WatchLandmarks WatchKit Extension";
				INFOPLIST_KEY_CLKComplicationPrincipalClass = WatchLandmarks_WatchKit_Extension.ComplicationController;
				INFOPLIST_KEY_NSHumanReadableCopyright = "";
				INFOPLIST_KEY_WKRunsIndependentlyOfCompanionApp = YES;
				LD_RUNPATH_SEARCH_PATHS = (
					"$(inherited)",
					"@executable_path/Frameworks",
					"@executable_path/../../Frameworks",
				);
				MARKETING_VERSION = 1.0;
				PRODUCT_BUNDLE_IDENTIFIER = dev.mazzaos.Landmarks.watchkitapp.watchkitextension;
				PRODUCT_NAME = "${TARGET_NAME}";
				SDKROOT = watchos;
				SKIP_INSTALL = YES;
				SWIFT_EMIT_LOC_STRINGS = YES;
				SWIFT_VERSION = 5.0;
				TARGETED_DEVICE_FAMILY = 4;
				WATCHOS_DEPLOYMENT_TARGET = 8.5;
			};
			name = Debug;
		};
		7C78170E28514D0C00DB24D1 /* Release */ = {
			isa = XCBuildConfiguration;
			buildSettings = {
				ASSETCATALOG_COMPILER_COMPLICATION_NAME = Complication;
				CODE_SIGN_STYLE = Automatic;
				CURRENT_PROJECT_VERSION = 1;
				DEVELOPMENT_ASSET_PATHS = "\"WatchLandmarks WatchKit Extension/Preview Content\"";
				DEVELOPMENT_TEAM = 2GPC52S3LY;
				ENABLE_PREVIEWS = YES;
				GENERATE_INFOPLIST_FILE = YES;
				INFOPLIST_FILE = "WatchLandmarks WatchKit Extension/Info.plist";
				INFOPLIST_KEY_CFBundleDisplayName = "WatchLandmarks WatchKit Extension";
				INFOPLIST_KEY_CLKComplicationPrincipalClass = WatchLandmarks_WatchKit_Extension.ComplicationController;
				INFOPLIST_KEY_NSHumanReadableCopyright = "";
				INFOPLIST_KEY_WKRunsIndependentlyOfCompanionApp = YES;
				LD_RUNPATH_SEARCH_PATHS = (
					"$(inherited)",
					"@executable_path/Frameworks",
					"@executable_path/../../Frameworks",
				);
				MARKETING_VERSION = 1.0;
				PRODUCT_BUNDLE_IDENTIFIER = dev.mazzaos.Landmarks.watchkitapp.watchkitextension;
				PRODUCT_NAME = "${TARGET_NAME}";
				SDKROOT = watchos;
				SKIP_INSTALL = YES;
				SWIFT_EMIT_LOC_STRINGS = YES;
				SWIFT_VERSION = 5.0;
				TARGETED_DEVICE_FAMILY = 4;
				WATCHOS_DEPLOYMENT_TARGET = 8.5;
			};
			name = Release;
		};
		7CA76FF82844CDE100B1AC96 /* Debug */ = {
			isa = XCBuildConfiguration;
			buildSettings = {
				ALWAYS_SEARCH_USER_PATHS = NO;
				CLANG_ANALYZER_NONNULL = YES;
				CLANG_ANALYZER_NUMBER_OBJECT_CONVERSION = YES_AGGRESSIVE;
				CLANG_CXX_LANGUAGE_STANDARD = "gnu++17";
				CLANG_ENABLE_MODULES = YES;
				CLANG_ENABLE_OBJC_ARC = YES;
				CLANG_ENABLE_OBJC_WEAK = YES;
				CLANG_WARN_BLOCK_CAPTURE_AUTORELEASING = YES;
				CLANG_WARN_BOOL_CONVERSION = YES;
				CLANG_WARN_COMMA = YES;
				CLANG_WARN_CONSTANT_CONVERSION = YES;
				CLANG_WARN_DEPRECATED_OBJC_IMPLEMENTATIONS = YES;
				CLANG_WARN_DIRECT_OBJC_ISA_USAGE = YES_ERROR;
				CLANG_WARN_DOCUMENTATION_COMMENTS = YES;
				CLANG_WARN_EMPTY_BODY = YES;
				CLANG_WARN_ENUM_CONVERSION = YES;
				CLANG_WARN_INFINITE_RECURSION = YES;
				CLANG_WARN_INT_CONVERSION = YES;
				CLANG_WARN_NON_LITERAL_NULL_CONVERSION = YES;
				CLANG_WARN_OBJC_IMPLICIT_RETAIN_SELF = YES;
				CLANG_WARN_OBJC_LITERAL_CONVERSION = YES;
				CLANG_WARN_OBJC_ROOT_CLASS = YES_ERROR;
				CLANG_WARN_QUOTED_INCLUDE_IN_FRAMEWORK_HEADER = YES;
				CLANG_WARN_RANGE_LOOP_ANALYSIS = YES;
				CLANG_WARN_STRICT_PROTOTYPES = YES;
				CLANG_WARN_SUSPICIOUS_MOVE = YES;
				CLANG_WARN_UNGUARDED_AVAILABILITY = YES_AGGRESSIVE;
				CLANG_WARN_UNREACHABLE_CODE = YES;
				CLANG_WARN__DUPLICATE_METHOD_MATCH = YES;
				COPY_PHASE_STRIP = NO;
				DEBUG_INFORMATION_FORMAT = dwarf;
				ENABLE_STRICT_OBJC_MSGSEND = YES;
				ENABLE_TESTABILITY = YES;
				GCC_C_LANGUAGE_STANDARD = gnu11;
				GCC_DYNAMIC_NO_PIC = NO;
				GCC_NO_COMMON_BLOCKS = YES;
				GCC_OPTIMIZATION_LEVEL = 0;
				GCC_PREPROCESSOR_DEFINITIONS = (
					"DEBUG=1",
					"$(inherited)",
				);
				GCC_WARN_64_TO_32_BIT_CONVERSION = YES;
				GCC_WARN_ABOUT_RETURN_TYPE = YES_ERROR;
				GCC_WARN_UNDECLARED_SELECTOR = YES;
				GCC_WARN_UNINITIALIZED_AUTOS = YES_AGGRESSIVE;
				GCC_WARN_UNUSED_FUNCTION = YES;
				GCC_WARN_UNUSED_VARIABLE = YES;
				IPHONEOS_DEPLOYMENT_TARGET = 15.5;
				MTL_ENABLE_DEBUG_INFO = INCLUDE_SOURCE;
				MTL_FAST_MATH = YES;
				ONLY_ACTIVE_ARCH = YES;
				SDKROOT = iphoneos;
				SWIFT_ACTIVE_COMPILATION_CONDITIONS = DEBUG;
				SWIFT_OPTIMIZATION_LEVEL = "-Onone";
			};
			name = Debug;
		};
		7CA76FF92844CDE100B1AC96 /* Release */ = {
			isa = XCBuildConfiguration;
			buildSettings = {
				ALWAYS_SEARCH_USER_PATHS = NO;
				CLANG_ANALYZER_NONNULL = YES;
				CLANG_ANALYZER_NUMBER_OBJECT_CONVERSION = YES_AGGRESSIVE;
				CLANG_CXX_LANGUAGE_STANDARD = "gnu++17";
				CLANG_ENABLE_MODULES = YES;
				CLANG_ENABLE_OBJC_ARC = YES;
				CLANG_ENABLE_OBJC_WEAK = YES;
				CLANG_WARN_BLOCK_CAPTURE_AUTORELEASING = YES;
				CLANG_WARN_BOOL_CONVERSION = YES;
				CLANG_WARN_COMMA = YES;
				CLANG_WARN_CONSTANT_CONVERSION = YES;
				CLANG_WARN_DEPRECATED_OBJC_IMPLEMENTATIONS = YES;
				CLANG_WARN_DIRECT_OBJC_ISA_USAGE = YES_ERROR;
				CLANG_WARN_DOCUMENTATION_COMMENTS = YES;
				CLANG_WARN_EMPTY_BODY = YES;
				CLANG_WARN_ENUM_CONVERSION = YES;
				CLANG_WARN_INFINITE_RECURSION = YES;
				CLANG_WARN_INT_CONVERSION = YES;
				CLANG_WARN_NON_LITERAL_NULL_CONVERSION = YES;
				CLANG_WARN_OBJC_IMPLICIT_RETAIN_SELF = YES;
				CLANG_WARN_OBJC_LITERAL_CONVERSION = YES;
				CLANG_WARN_OBJC_ROOT_CLASS = YES_ERROR;
				CLANG_WARN_QUOTED_INCLUDE_IN_FRAMEWORK_HEADER = YES;
				CLANG_WARN_RANGE_LOOP_ANALYSIS = YES;
				CLANG_WARN_STRICT_PROTOTYPES = YES;
				CLANG_WARN_SUSPICIOUS_MOVE = YES;
				CLANG_WARN_UNGUARDED_AVAILABILITY = YES_AGGRESSIVE;
				CLANG_WARN_UNREACHABLE_CODE = YES;
				CLANG_WARN__DUPLICATE_METHOD_MATCH = YES;
				COPY_PHASE_STRIP = NO;
				DEBUG_INFORMATION_FORMAT = "dwarf-with-dsym";
				ENABLE_NS_ASSERTIONS = NO;
				ENABLE_STRICT_OBJC_MSGSEND = YES;
				GCC_C_LANGUAGE_STANDARD = gnu11;
				GCC_NO_COMMON_BLOCKS = YES;
				GCC_WARN_64_TO_32_BIT_CONVERSION = YES;
				GCC_WARN_ABOUT_RETURN_TYPE = YES_ERROR;
				GCC_WARN_UNDECLARED_SELECTOR = YES;
				GCC_WARN_UNINITIALIZED_AUTOS = YES_AGGRESSIVE;
				GCC_WARN_UNUSED_FUNCTION = YES;
				GCC_WARN_UNUSED_VARIABLE = YES;
				IPHONEOS_DEPLOYMENT_TARGET = 15.5;
				MTL_ENABLE_DEBUG_INFO = NO;
				MTL_FAST_MATH = YES;
				SDKROOT = iphoneos;
				SWIFT_COMPILATION_MODE = wholemodule;
				SWIFT_OPTIMIZATION_LEVEL = "-O";
				VALIDATE_PRODUCT = YES;
			};
			name = Release;
		};
		7CA76FFB2844CDE100B1AC96 /* Debug */ = {
			isa = XCBuildConfiguration;
			buildSettings = {
				ASSETCATALOG_COMPILER_APPICON_NAME = AppIcon;
				ASSETCATALOG_COMPILER_GLOBAL_ACCENT_COLOR_NAME = AccentColor;
				CODE_SIGN_STYLE = Automatic;
				CURRENT_PROJECT_VERSION = 1;
				DEVELOPMENT_ASSET_PATHS = "\"Landmarks/Preview Content\"";
				DEVELOPMENT_TEAM = 2GPC52S3LY;
				ENABLE_PREVIEWS = YES;
				GENERATE_INFOPLIST_FILE = YES;
				INFOPLIST_KEY_UIApplicationSceneManifest_Generation = YES;
				INFOPLIST_KEY_UIApplicationSupportsIndirectInputEvents = YES;
				INFOPLIST_KEY_UILaunchScreen_Generation = YES;
				INFOPLIST_KEY_UISupportedInterfaceOrientations_iPad = "UIInterfaceOrientationPortrait UIInterfaceOrientationPortraitUpsideDown UIInterfaceOrientationLandscapeLeft UIInterfaceOrientationLandscapeRight";
				INFOPLIST_KEY_UISupportedInterfaceOrientations_iPhone = "UIInterfaceOrientationPortrait UIInterfaceOrientationLandscapeLeft UIInterfaceOrientationLandscapeRight";
				LD_RUNPATH_SEARCH_PATHS = (
					"$(inherited)",
					"@executable_path/Frameworks",
				);
				MARKETING_VERSION = 1.0;
				PRODUCT_BUNDLE_IDENTIFIER = dev.mazzaos.Landmarks;
				PRODUCT_NAME = "$(TARGET_NAME)";
				SWIFT_EMIT_LOC_STRINGS = YES;
				SWIFT_VERSION = 5.0;
				TARGETED_DEVICE_FAMILY = "1,2";
			};
			name = Debug;
		};
		7CA76FFC2844CDE100B1AC96 /* Release */ = {
			isa = XCBuildConfiguration;
			buildSettings = {
				ASSETCATALOG_COMPILER_APPICON_NAME = AppIcon;
				ASSETCATALOG_COMPILER_GLOBAL_ACCENT_COLOR_NAME = AccentColor;
				CODE_SIGN_STYLE = Automatic;
				CURRENT_PROJECT_VERSION = 1;
				DEVELOPMENT_ASSET_PATHS = "\"Landmarks/Preview Content\"";
				DEVELOPMENT_TEAM = 2GPC52S3LY;
				ENABLE_PREVIEWS = YES;
				GENERATE_INFOPLIST_FILE = YES;
				INFOPLIST_KEY_UIApplicationSceneManifest_Generation = YES;
				INFOPLIST_KEY_UIApplicationSupportsIndirectInputEvents = YES;
				INFOPLIST_KEY_UILaunchScreen_Generation = YES;
				INFOPLIST_KEY_UISupportedInterfaceOrientations_iPad = "UIInterfaceOrientationPortrait UIInterfaceOrientationPortraitUpsideDown UIInterfaceOrientationLandscapeLeft UIInterfaceOrientationLandscapeRight";
				INFOPLIST_KEY_UISupportedInterfaceOrientations_iPhone = "UIInterfaceOrientationPortrait UIInterfaceOrientationLandscapeLeft UIInterfaceOrientationLandscapeRight";
				LD_RUNPATH_SEARCH_PATHS = (
					"$(inherited)",
					"@executable_path/Frameworks",
				);
				MARKETING_VERSION = 1.0;
				PRODUCT_BUNDLE_IDENTIFIER = dev.mazzaos.Landmarks;
				PRODUCT_NAME = "$(TARGET_NAME)";
				SWIFT_EMIT_LOC_STRINGS = YES;
				SWIFT_VERSION = 5.0;
				TARGETED_DEVICE_FAMILY = "1,2";
			};
			name = Release;
		};
/* End XCBuildConfiguration section */

/* Begin XCConfigurationList section */
		7C334F1628516674007D1CEE /* Build configuration list for PBXNativeTarget "MacLandmarks" */ = {
			isa = XCConfigurationList;
			buildConfigurations = (
				7C334F1728516674007D1CEE /* Debug */,
				7C334F1828516674007D1CEE /* Release */,
			);
			defaultConfigurationIsVisible = 0;
			defaultConfigurationName = Release;
		};
		7C78170F28514D0C00DB24D1 /* Build configuration list for PBXNativeTarget "WatchLandmarks WatchKit Extension" */ = {
			isa = XCConfigurationList;
			buildConfigurations = (
				7C78170D28514D0C00DB24D1 /* Debug */,
				7C78170E28514D0C00DB24D1 /* Release */,
			);
			defaultConfigurationIsVisible = 0;
			defaultConfigurationName = Release;
		};
		7C78171028514D0C00DB24D1 /* Build configuration list for PBXNativeTarget "WatchLandmarks" */ = {
			isa = XCConfigurationList;
			buildConfigurations = (
				7C78170A28514D0C00DB24D1 /* Debug */,
				7C78170B28514D0C00DB24D1 /* Release */,
			);
			defaultConfigurationIsVisible = 0;
			defaultConfigurationName = Release;
		};
		7CA76FE72844CDDF00B1AC96 /* Build configuration list for PBXProject "Landmarks" */ = {
			isa = XCConfigurationList;
			buildConfigurations = (
				7CA76FF82844CDE100B1AC96 /* Debug */,
				7CA76FF92844CDE100B1AC96 /* Release */,
			);
			defaultConfigurationIsVisible = 0;
			defaultConfigurationName = Release;
		};
		7CA76FFA2844CDE100B1AC96 /* Build configuration list for PBXNativeTarget "Landmarks" */ = {
			isa = XCConfigurationList;
			buildConfigurations = (
				7CA76FFB2844CDE100B1AC96 /* Debug */,
				7CA76FFC2844CDE100B1AC96 /* Release */,
			);
			defaultConfigurationIsVisible = 0;
			defaultConfigurationName = Release;
		};
/* End XCConfigurationList section */
	};
	rootObject = 7CA76FE42844CDDF00B1AC96 /* Project object */;
}
